// !$*UTF8*$!
{
	archiveVersion = 1;
	classes = {
	};
	objectVersion = 51;
	objects = {

/* Begin PBXBuildFile section */
		1B42DD7A710E608B8F1232D7 /* MovieDetail.framework in Frameworks */ = {isa = PBXBuildFile; fileRef = D37F8AB466EFB64A9AF04818 /* MovieDetail.framework */; };
		1BEFA689CE0038AB8549BD88 /* MovieDetailViewController.swift in Sources */ = {isa = PBXBuildFile; fileRef = 0F0DC1B02FA497428E528D40 /* MovieDetailViewController.swift */; };
		1D0FA5A506F9EF7F36648F84 /* ModuleManagement.framework in Frameworks */ = {isa = PBXBuildFile; fileRef = 5223E4F63661158DB6CEC927 /* ModuleManagement.framework */; };
		1D98D7E4A81BCF8CE3F824D2 /* Networking.framework in Frameworks */ = {isa = PBXBuildFile; fileRef = EF0CA96866FBFF1C8886CE46 /* Networking.framework */; };
		2A690CE21196388AB42CFC0A /* MovieDetailViewControllerTests.swift in Sources */ = {isa = PBXBuildFile; fileRef = AE16FF8AD2C954BFE6C799B9 /* MovieDetailViewControllerTests.swift */; };
		3B990B4D33509457E15B0BC0 /* MovieDetailViewModelTests.swift in Sources */ = {isa = PBXBuildFile; fileRef = 3E9859EE03E220826794AA69 /* MovieDetailViewModelTests.swift */; };
		4EB55036BEC2657226EA7FA7 /* MovieDetail.framework in Embed Frameworks */ = {isa = PBXBuildFile; fileRef = D37F8AB466EFB64A9AF04818 /* MovieDetail.framework */; settings = {ATTRIBUTES = (CodeSignOnCopy, RemoveHeadersOnCopy, ); }; };
		51D79ABB96A2579860D63DE1 /* MockMovieDetailUseCase.swift in Sources */ = {isa = PBXBuildFile; fileRef = B33413EB343FE18CC6BA0312 /* MockMovieDetailUseCase.swift */; };
		6DCBC91A0E35A1FA2A6F3211 /* Pods_MovieDetailTests.framework in Frameworks */ = {isa = PBXBuildFile; fileRef = A8E5C19C792699FFEC12B8FF /* Pods_MovieDetailTests.framework */; };
		6E2DE90AF279A6F671ACB2D7 /* MovieDetail+StateMachine.swift in Sources */ = {isa = PBXBuildFile; fileRef = 1E0FB299A3551A978AE57DE7 /* MovieDetail+StateMachine.swift */; };
		78521287188505A5D7A89B53 /* Module.swift in Sources */ = {isa = PBXBuildFile; fileRef = 904E6D30AFE16C9A6FB11C0A /* Module.swift */; };
		816914D4C63016FE7184CD88 /* MovieDetailHeaderView.swift in Sources */ = {isa = PBXBuildFile; fileRef = 9718FF91646B216B5BD4D559 /* MovieDetailHeaderView.swift */; };
		879AA9D8180AC4F79C40209C /* MovieDetailViewModel.swift in Sources */ = {isa = PBXBuildFile; fileRef = 61A2962DE9A6928DE319E0CC /* MovieDetailViewModel.swift */; };
		8CE92B5F9D4A0B66035F09E9 /* MovieDetailTests.swift in Sources */ = {isa = PBXBuildFile; fileRef = C70D73BE842B5577DA5749C8 /* MovieDetailTests.swift */; };
		B60E9590BBE8B3732DA0D589 /* MovieDetailCell.swift in Sources */ = {isa = PBXBuildFile; fileRef = 90CE42105E873FDBB09A6D71 /* MovieDetailCell.swift */; };
		BCD9A7908BD44D38B6FC6D88 /* MockMovieDetailRepo.swift in Sources */ = {isa = PBXBuildFile; fileRef = 18EBC9D170D6E000DD1E8AC2 /* MockMovieDetailRepo.swift */; };
		CB4E04F85BFB6315BAC703DC /* Pods_MovieDetail.framework in Frameworks */ = {isa = PBXBuildFile; fileRef = 793AD4972D610C5D46D94664 /* Pods_MovieDetail.framework */; };
		EB5E9609F542534D6B855698 /* RxFramework.framework in Frameworks */ = {isa = PBXBuildFile; fileRef = 31808EA97ACD79370C25B054 /* RxFramework.framework */; };
		EE6A8E1E9A0F3F3FEA24A288 /* Core.framework in Frameworks */ = {isa = PBXBuildFile; fileRef = 8974AAE4139768154D8CE930 /* Core.framework */; };
		F0F7D7637879C971FA2D526D /* MovieKit.framework in Frameworks */ = {isa = PBXBuildFile; fileRef = AB22C8C3392D62F2DFFC1148 /* MovieKit.framework */; };
		F82C6C7445C44D4C153ECEC2 /* MovieDetail.h in Headers */ = {isa = PBXBuildFile; fileRef = 2BC2AF5628D1AFCE1A6D6E45 /* MovieDetail.h */; settings = {ATTRIBUTES = (Public, ); }; };
		FABBFE9EA18CC53C6375DA18 /* MovieDetailCoordinator.swift in Sources */ = {isa = PBXBuildFile; fileRef = 061E9266797E238C3B6D0F33 /* MovieDetailCoordinator.swift */; };
/* End PBXBuildFile section */

/* Begin PBXContainerItemProxy section */
		EB09861821BF441C2177CA9A /* PBXContainerItemProxy */ = {
			isa = PBXContainerItemProxy;
			containerPortal = 79E48FCA105391E8DE38C5A9 /* Project object */;
			proxyType = 1;
			remoteGlobalIDString = 535FF13E86F706F627C1ACA3;
			remoteInfo = MovieDetail;
		};
/* End PBXContainerItemProxy section */

/* Begin PBXCopyFilesBuildPhase section */
		3AEB3216E1A54639D9E29F6B /* Embed Frameworks */ = {
			isa = PBXCopyFilesBuildPhase;
			buildActionMask = 2147483647;
			dstPath = "";
			dstSubfolderSpec = 10;
			files = (
				4EB55036BEC2657226EA7FA7 /* MovieDetail.framework in Embed Frameworks */,
			);
			name = "Embed Frameworks";
			runOnlyForDeploymentPostprocessing = 0;
		};
/* End PBXCopyFilesBuildPhase section */

/* Begin PBXFileReference section */
		061E9266797E238C3B6D0F33 /* MovieDetailCoordinator.swift */ = {isa = PBXFileReference; lastKnownFileType = sourcecode.swift; path = MovieDetailCoordinator.swift; sourceTree = "<group>"; };
		0F0DC1B02FA497428E528D40 /* MovieDetailViewController.swift */ = {isa = PBXFileReference; lastKnownFileType = sourcecode.swift; path = MovieDetailViewController.swift; sourceTree = "<group>"; };
		18EBC9D170D6E000DD1E8AC2 /* MockMovieDetailRepo.swift */ = {isa = PBXFileReference; lastKnownFileType = sourcecode.swift; path = MockMovieDetailRepo.swift; sourceTree = "<group>"; };
		1E0FB299A3551A978AE57DE7 /* MovieDetail+StateMachine.swift */ = {isa = PBXFileReference; lastKnownFileType = sourcecode.swift; path = "MovieDetail+StateMachine.swift"; sourceTree = "<group>"; };
		219520BDA5482BC3B6B30FD1 /* Pods-MovieDetail.release.xcconfig */ = {isa = PBXFileReference; includeInIndex = 1; lastKnownFileType = text.xcconfig; name = "Pods-MovieDetail.release.xcconfig"; path = "Target Support Files/Pods-MovieDetail/Pods-MovieDetail.release.xcconfig"; sourceTree = "<group>"; };
		224DE6ECF8B4C629212F0089 /* Pods-MovieDetailTests.release.xcconfig */ = {isa = PBXFileReference; includeInIndex = 1; lastKnownFileType = text.xcconfig; name = "Pods-MovieDetailTests.release.xcconfig"; path = "Target Support Files/Pods-MovieDetailTests/Pods-MovieDetailTests.release.xcconfig"; sourceTree = "<group>"; };
		2BC2AF5628D1AFCE1A6D6E45 /* MovieDetail.h */ = {isa = PBXFileReference; lastKnownFileType = sourcecode.c.h; path = MovieDetail.h; sourceTree = "<group>"; };
		2E79B23F70ED7D668F84508B /* Info.plist */ = {isa = PBXFileReference; lastKnownFileType = text.plist; path = Info.plist; sourceTree = "<group>"; };
		31808EA97ACD79370C25B054 /* RxFramework.framework */ = {isa = PBXFileReference; lastKnownFileType = wrapper.framework; path = RxFramework.framework; sourceTree = "<group>"; };
		3E9859EE03E220826794AA69 /* MovieDetailViewModelTests.swift */ = {isa = PBXFileReference; lastKnownFileType = sourcecode.swift; path = MovieDetailViewModelTests.swift; sourceTree = "<group>"; };
		5223E4F63661158DB6CEC927 /* ModuleManagement.framework */ = {isa = PBXFileReference; lastKnownFileType = wrapper.framework; path = ModuleManagement.framework; sourceTree = "<group>"; };
		613C7117ED8686459B6EE57D /* Pods-MovieDetailTests.debug.xcconfig */ = {isa = PBXFileReference; includeInIndex = 1; lastKnownFileType = text.xcconfig; name = "Pods-MovieDetailTests.debug.xcconfig"; path = "Target Support Files/Pods-MovieDetailTests/Pods-MovieDetailTests.debug.xcconfig"; sourceTree = "<group>"; };
		61A2962DE9A6928DE319E0CC /* MovieDetailViewModel.swift */ = {isa = PBXFileReference; lastKnownFileType = sourcecode.swift; path = MovieDetailViewModel.swift; sourceTree = "<group>"; };
		793AD4972D610C5D46D94664 /* Pods_MovieDetail.framework */ = {isa = PBXFileReference; explicitFileType = wrapper.framework; includeInIndex = 0; path = Pods_MovieDetail.framework; sourceTree = BUILT_PRODUCTS_DIR; };
		8974AAE4139768154D8CE930 /* Core.framework */ = {isa = PBXFileReference; lastKnownFileType = wrapper.framework; path = Core.framework; sourceTree = "<group>"; };
		904E6D30AFE16C9A6FB11C0A /* Module.swift */ = {isa = PBXFileReference; lastKnownFileType = sourcecode.swift; path = Module.swift; sourceTree = "<group>"; };
		90CE42105E873FDBB09A6D71 /* MovieDetailCell.swift */ = {isa = PBXFileReference; lastKnownFileType = sourcecode.swift; path = MovieDetailCell.swift; sourceTree = "<group>"; };
		926459114F8C6C790B633125 /* Info.plist */ = {isa = PBXFileReference; lastKnownFileType = text.plist; path = Info.plist; sourceTree = "<group>"; };
		9718FF91646B216B5BD4D559 /* MovieDetailHeaderView.swift */ = {isa = PBXFileReference; lastKnownFileType = sourcecode.swift; path = MovieDetailHeaderView.swift; sourceTree = "<group>"; };
		A8E5C19C792699FFEC12B8FF /* Pods_MovieDetailTests.framework */ = {isa = PBXFileReference; explicitFileType = wrapper.framework; includeInIndex = 0; path = Pods_MovieDetailTests.framework; sourceTree = BUILT_PRODUCTS_DIR; };
		AB22C8C3392D62F2DFFC1148 /* MovieKit.framework */ = {isa = PBXFileReference; lastKnownFileType = wrapper.framework; path = MovieKit.framework; sourceTree = "<group>"; };
		AE16FF8AD2C954BFE6C799B9 /* MovieDetailViewControllerTests.swift */ = {isa = PBXFileReference; lastKnownFileType = sourcecode.swift; path = MovieDetailViewControllerTests.swift; sourceTree = "<group>"; };
		B33413EB343FE18CC6BA0312 /* MockMovieDetailUseCase.swift */ = {isa = PBXFileReference; lastKnownFileType = sourcecode.swift; path = MockMovieDetailUseCase.swift; sourceTree = "<group>"; };
		BAA88D20D4E94B2662BB485A /* MovieDetailTests.xctest */ = {isa = PBXFileReference; includeInIndex = 0; lastKnownFileType = wrapper.cfbundle; path = MovieDetailTests.xctest; sourceTree = BUILT_PRODUCTS_DIR; };
		C70D73BE842B5577DA5749C8 /* MovieDetailTests.swift */ = {isa = PBXFileReference; lastKnownFileType = sourcecode.swift; path = MovieDetailTests.swift; sourceTree = "<group>"; };
		D37F8AB466EFB64A9AF04818 /* MovieDetail.framework */ = {isa = PBXFileReference; explicitFileType = wrapper.framework; includeInIndex = 0; path = MovieDetail.framework; sourceTree = BUILT_PRODUCTS_DIR; };
		EE8CB85F280AE2118B08DDE8 /* Pods-MovieDetail.debug.xcconfig */ = {isa = PBXFileReference; includeInIndex = 1; lastKnownFileType = text.xcconfig; name = "Pods-MovieDetail.debug.xcconfig"; path = "Target Support Files/Pods-MovieDetail/Pods-MovieDetail.debug.xcconfig"; sourceTree = "<group>"; };
		EF0CA96866FBFF1C8886CE46 /* Networking.framework */ = {isa = PBXFileReference; lastKnownFileType = wrapper.framework; path = Networking.framework; sourceTree = "<group>"; };
/* End PBXFileReference section */

/* Begin PBXFrameworksBuildPhase section */
		779F2CCB9099CB97BFA26002 /* Frameworks */ = {
			isa = PBXFrameworksBuildPhase;
			buildActionMask = 2147483647;
			files = (
				1B42DD7A710E608B8F1232D7 /* MovieDetail.framework in Frameworks */,
				6DCBC91A0E35A1FA2A6F3211 /* Pods_MovieDetailTests.framework in Frameworks */,
			);
			runOnlyForDeploymentPostprocessing = 0;
		};
		D1FB605FBAB239EFA0451CC8 /* Frameworks */ = {
			isa = PBXFrameworksBuildPhase;
			buildActionMask = 2147483647;
			files = (
				EB5E9609F542534D6B855698 /* RxFramework.framework in Frameworks */,
				1D98D7E4A81BCF8CE3F824D2 /* Networking.framework in Frameworks */,
				EE6A8E1E9A0F3F3FEA24A288 /* Core.framework in Frameworks */,
				1D0FA5A506F9EF7F36648F84 /* ModuleManagement.framework in Frameworks */,
				F0F7D7637879C971FA2D526D /* MovieKit.framework in Frameworks */,
				CB4E04F85BFB6315BAC703DC /* Pods_MovieDetail.framework in Frameworks */,
			);
			runOnlyForDeploymentPostprocessing = 0;
		};
/* End PBXFrameworksBuildPhase section */

/* Begin PBXGroup section */
		25F59135C3970D7ED8231785 /* ViewModel */ = {
			isa = PBXGroup;
			children = (
				61A2962DE9A6928DE319E0CC /* MovieDetailViewModel.swift */,
			);
			path = ViewModel;
			sourceTree = "<group>";
		};
		2CA0FD9DD6A663E60ABC17A9 = {
			isa = PBXGroup;
			children = (
				B909BE64FBD01ECBB70F8FB9 /* MovieDetail */,
				E8416644C1B51E1DB347CF41 /* MovieDetailTests */,
				A175D62B58B7F8EB6B5D3511 /* Frameworks */,
				89AE97B109A5D27B8BADFEA1 /* Products */,
				DBC64A0C036EC285958A6324 /* Pods */,
			);
			sourceTree = "<group>";
		};
		33B930037F0F48DD35921FC0 /* Content */ = {
			isa = PBXGroup;
			children = (
				90CE42105E873FDBB09A6D71 /* MovieDetailCell.swift */,
			);
			path = Content;
			sourceTree = "<group>";
		};
		3D2786FD58FEB4472B046D7F /* Header */ = {
			isa = PBXGroup;
			children = (
				9718FF91646B216B5BD4D559 /* MovieDetailHeaderView.swift */,
			);
			path = Header;
			sourceTree = "<group>";
		};
		57494CE1A37E47D9ABC06972 /* View */ = {
			isa = PBXGroup;
			children = (
				33B930037F0F48DD35921FC0 /* Content */,
				3D2786FD58FEB4472B046D7F /* Header */,
			);
			path = View;
			sourceTree = "<group>";
		};
		89AE97B109A5D27B8BADFEA1 /* Products */ = {
			isa = PBXGroup;
			children = (
				D37F8AB466EFB64A9AF04818 /* MovieDetail.framework */,
				BAA88D20D4E94B2662BB485A /* MovieDetailTests.xctest */,
			);
			name = Products;
			sourceTree = "<group>";
		};
		A175D62B58B7F8EB6B5D3511 /* Frameworks */ = {
			isa = PBXGroup;
			children = (
				8974AAE4139768154D8CE930 /* Core.framework */,
				5223E4F63661158DB6CEC927 /* ModuleManagement.framework */,
				AB22C8C3392D62F2DFFC1148 /* MovieKit.framework */,
				EF0CA96866FBFF1C8886CE46 /* Networking.framework */,
				31808EA97ACD79370C25B054 /* RxFramework.framework */,
				793AD4972D610C5D46D94664 /* Pods_MovieDetail.framework */,
				A8E5C19C792699FFEC12B8FF /* Pods_MovieDetailTests.framework */,
			);
			name = Frameworks;
			sourceTree = "<group>";
		};
		B1930A77C3C2D6904C46FB72 /* Mock */ = {
			isa = PBXGroup;
			children = (
				18EBC9D170D6E000DD1E8AC2 /* MockMovieDetailRepo.swift */,
				B33413EB343FE18CC6BA0312 /* MockMovieDetailUseCase.swift */,
			);
			path = Mock;
			sourceTree = "<group>";
		};
		B909BE64FBD01ECBB70F8FB9 /* MovieDetail */ = {
			isa = PBXGroup;
			children = (
				2E79B23F70ED7D668F84508B /* Info.plist */,
				2BC2AF5628D1AFCE1A6D6E45 /* MovieDetail.h */,
				F0D99C952C0D4BF735A4B2F2 /* Module */,
			);
			path = MovieDetail;
			sourceTree = "<group>";
		};
		D96036340FFFF06C587BA30A /* StateMachine */ = {
			isa = PBXGroup;
			children = (
				1E0FB299A3551A978AE57DE7 /* MovieDetail+StateMachine.swift */,
			);
			path = StateMachine;
			sourceTree = "<group>";
		};
		DBC64A0C036EC285958A6324 /* Pods */ = {
			isa = PBXGroup;
			children = (
				EE8CB85F280AE2118B08DDE8 /* Pods-MovieDetail.debug.xcconfig */,
				219520BDA5482BC3B6B30FD1 /* Pods-MovieDetail.release.xcconfig */,
				613C7117ED8686459B6EE57D /* Pods-MovieDetailTests.debug.xcconfig */,
				224DE6ECF8B4C629212F0089 /* Pods-MovieDetailTests.release.xcconfig */,
			);
			name = Pods;
			path = ../Pods;
			sourceTree = "<group>";
		};
		E8416644C1B51E1DB347CF41 /* MovieDetailTests */ = {
			isa = PBXGroup;
			children = (
				926459114F8C6C790B633125 /* Info.plist */,
				C70D73BE842B5577DA5749C8 /* MovieDetailTests.swift */,
				AE16FF8AD2C954BFE6C799B9 /* MovieDetailViewControllerTests.swift */,
				3E9859EE03E220826794AA69 /* MovieDetailViewModelTests.swift */,
				B1930A77C3C2D6904C46FB72 /* Mock */,
			);
			path = MovieDetailTests;
			sourceTree = "<group>";
		};
		F0D99C952C0D4BF735A4B2F2 /* Module */ = {
			isa = PBXGroup;
			children = (
				904E6D30AFE16C9A6FB11C0A /* Module.swift */,
				FEA8995497806703658ED7D0 /* Coordinator */,
				D96036340FFFF06C587BA30A /* StateMachine */,
				57494CE1A37E47D9ABC06972 /* View */,
				FD191C81375A8A3819C4B16E /* ViewController */,
				25F59135C3970D7ED8231785 /* ViewModel */,
			);
			path = Module;
			sourceTree = "<group>";
		};
		FD191C81375A8A3819C4B16E /* ViewController */ = {
			isa = PBXGroup;
			children = (
				0F0DC1B02FA497428E528D40 /* MovieDetailViewController.swift */,
			);
			path = ViewController;
			sourceTree = "<group>";
		};
		FEA8995497806703658ED7D0 /* Coordinator */ = {
			isa = PBXGroup;
			children = (
				061E9266797E238C3B6D0F33 /* MovieDetailCoordinator.swift */,
			);
			path = Coordinator;
			sourceTree = "<group>";
		};
/* End PBXGroup section */

/* Begin PBXHeadersBuildPhase section */
		0F947A953AA0CE613B3E26E7 /* Headers */ = {
			isa = PBXHeadersBuildPhase;
			buildActionMask = 2147483647;
			files = (
				F82C6C7445C44D4C153ECEC2 /* MovieDetail.h in Headers */,
			);
			runOnlyForDeploymentPostprocessing = 0;
		};
/* End PBXHeadersBuildPhase section */

/* Begin PBXNativeTarget section */
		535FF13E86F706F627C1ACA3 /* MovieDetail */ = {
			isa = PBXNativeTarget;
			buildConfigurationList = 741FE6AABAECE78218FF9063 /* Build configuration list for PBXNativeTarget "MovieDetail" */;
			buildPhases = (
				91499E60B25D1D1AB3D711EA /* [CP] Check Pods Manifest.lock */,
				0F947A953AA0CE613B3E26E7 /* Headers */,
				4E54F817D0531DA70A8B39FB /* Sources */,
				D1FB605FBAB239EFA0451CC8 /* Frameworks */,
			);
			buildRules = (
			);
			dependencies = (
			);
			name = MovieDetail;
			productName = MovieDetail;
			productReference = D37F8AB466EFB64A9AF04818 /* MovieDetail.framework */;
			productType = "com.apple.product-type.framework";
		};
		D3F9B4A4DE33FA193A85DA68 /* MovieDetailTests */ = {
			isa = PBXNativeTarget;
			buildConfigurationList = CA6DCA0F5FE7096E6A8E2106 /* Build configuration list for PBXNativeTarget "MovieDetailTests" */;
			buildPhases = (
				4FA71A4AD384876FF9F79F43 /* [CP] Check Pods Manifest.lock */,
				0BB62C94BB69BC4A51E39BAA /* Sources */,
				779F2CCB9099CB97BFA26002 /* Frameworks */,
				3AEB3216E1A54639D9E29F6B /* Embed Frameworks */,
			);
			buildRules = (
			);
			dependencies = (
				3F5A7E07537440DDDF8E3145 /* PBXTargetDependency */,
			);
			name = MovieDetailTests;
			productName = MovieDetailTests;
			productReference = BAA88D20D4E94B2662BB485A /* MovieDetailTests.xctest */;
			productType = "com.apple.product-type.bundle.unit-test";
		};
/* End PBXNativeTarget section */

/* Begin PBXProject section */
		79E48FCA105391E8DE38C5A9 /* Project object */ = {
			isa = PBXProject;
			attributes = {
				LastUpgradeCheck = 1200;
				TargetAttributes = {
					535FF13E86F706F627C1ACA3 = {
						ProvisioningStyle = Manual;
					};
					D3F9B4A4DE33FA193A85DA68 = {
						ProvisioningStyle = Manual;
					};
				};
			};
			buildConfigurationList = 4CB76E214CFB5E7B6E760F91 /* Build configuration list for PBXProject "MovieDetail" */;
			compatibilityVersion = "Xcode 10.0";
			developmentRegion = en;
			hasScannedForEncodings = 0;
			knownRegions = (
				Base,
				en,
			);
			mainGroup = 2CA0FD9DD6A663E60ABC17A9;
			productRefGroup = 89AE97B109A5D27B8BADFEA1 /* Products */;
			projectDirPath = "";
			projectRoot = "";
			targets = (
				535FF13E86F706F627C1ACA3 /* MovieDetail */,
				D3F9B4A4DE33FA193A85DA68 /* MovieDetailTests */,
			);
		};
/* End PBXProject section */

/* Begin PBXShellScriptBuildPhase section */
		4FA71A4AD384876FF9F79F43 /* [CP] Check Pods Manifest.lock */ = {
			isa = PBXShellScriptBuildPhase;
			buildActionMask = 2147483647;
			files = (
			);
			inputFileListPaths = (
			);
			inputPaths = (
				"${PODS_PODFILE_DIR_PATH}/Podfile.lock",
				"${PODS_ROOT}/Manifest.lock",
			);
			name = "[CP] Check Pods Manifest.lock";
			outputFileListPaths = (
			);
			outputPaths = (
				"$(DERIVED_FILE_DIR)/Pods-MovieDetailTests-checkManifestLockResult.txt",
			);
			runOnlyForDeploymentPostprocessing = 0;
			shellPath = /bin/sh;
			shellScript = "diff \"${PODS_PODFILE_DIR_PATH}/Podfile.lock\" \"${PODS_ROOT}/Manifest.lock\" > /dev/null\nif [ $? != 0 ] ; then\n    # print error to STDERR\n    echo \"error: The sandbox is not in sync with the Podfile.lock. Run 'pod install' or update your CocoaPods installation.\" >&2\n    exit 1\nfi\n# This output is used by Xcode 'outputs' to avoid re-running this script phase.\necho \"SUCCESS\" > \"${SCRIPT_OUTPUT_FILE_0}\"\n";
			showEnvVarsInLog = 0;
		};
		91499E60B25D1D1AB3D711EA /* [CP] Check Pods Manifest.lock */ = {
			isa = PBXShellScriptBuildPhase;
			buildActionMask = 2147483647;
			files = (
			);
			inputFileListPaths = (
			);
			inputPaths = (
				"${PODS_PODFILE_DIR_PATH}/Podfile.lock",
				"${PODS_ROOT}/Manifest.lock",
			);
			name = "[CP] Check Pods Manifest.lock";
			outputFileListPaths = (
			);
			outputPaths = (
				"$(DERIVED_FILE_DIR)/Pods-MovieDetail-checkManifestLockResult.txt",
			);
			runOnlyForDeploymentPostprocessing = 0;
			shellPath = /bin/sh;
			shellScript = "diff \"${PODS_PODFILE_DIR_PATH}/Podfile.lock\" \"${PODS_ROOT}/Manifest.lock\" > /dev/null\nif [ $? != 0 ] ; then\n    # print error to STDERR\n    echo \"error: The sandbox is not in sync with the Podfile.lock. Run 'pod install' or update your CocoaPods installation.\" >&2\n    exit 1\nfi\n# This output is used by Xcode 'outputs' to avoid re-running this script phase.\necho \"SUCCESS\" > \"${SCRIPT_OUTPUT_FILE_0}\"\n";
			showEnvVarsInLog = 0;
		};
/* End PBXShellScriptBuildPhase section */

/* Begin PBXSourcesBuildPhase section */
		0BB62C94BB69BC4A51E39BAA /* Sources */ = {
			isa = PBXSourcesBuildPhase;
			buildActionMask = 2147483647;
			files = (
				BCD9A7908BD44D38B6FC6D88 /* MockMovieDetailRepo.swift in Sources */,
				51D79ABB96A2579860D63DE1 /* MockMovieDetailUseCase.swift in Sources */,
				8CE92B5F9D4A0B66035F09E9 /* MovieDetailTests.swift in Sources */,
				2A690CE21196388AB42CFC0A /* MovieDetailViewControllerTests.swift in Sources */,
				3B990B4D33509457E15B0BC0 /* MovieDetailViewModelTests.swift in Sources */,
			);
			runOnlyForDeploymentPostprocessing = 0;
		};
		4E54F817D0531DA70A8B39FB /* Sources */ = {
			isa = PBXSourcesBuildPhase;
			buildActionMask = 2147483647;
			files = (
				78521287188505A5D7A89B53 /* Module.swift in Sources */,
				6E2DE90AF279A6F671ACB2D7 /* MovieDetail+StateMachine.swift in Sources */,
				B60E9590BBE8B3732DA0D589 /* MovieDetailCell.swift in Sources */,
				FABBFE9EA18CC53C6375DA18 /* MovieDetailCoordinator.swift in Sources */,
				816914D4C63016FE7184CD88 /* MovieDetailHeaderView.swift in Sources */,
				1BEFA689CE0038AB8549BD88 /* MovieDetailViewController.swift in Sources */,
				879AA9D8180AC4F79C40209C /* MovieDetailViewModel.swift in Sources */,
			);
			runOnlyForDeploymentPostprocessing = 0;
		};
/* End PBXSourcesBuildPhase section */

/* Begin PBXTargetDependency section */
		3F5A7E07537440DDDF8E3145 /* PBXTargetDependency */ = {
			isa = PBXTargetDependency;
			target = 535FF13E86F706F627C1ACA3 /* MovieDetail */;
			targetProxy = EB09861821BF441C2177CA9A /* PBXContainerItemProxy */;
		};
/* End PBXTargetDependency section */

/* Begin XCBuildConfiguration section */
		615AEC7B70D03A7FCCF0DB78 /* Debug */ = {
			isa = XCBuildConfiguration;
			baseConfigurationReference = 613C7117ED8686459B6EE57D /* Pods-MovieDetailTests.debug.xcconfig */;
			buildSettings = {
				BUNDLE_LOADER = "$(TEST_HOST)";
				CODE_SIGN_STYLE = Manual;
				INFOPLIST_FILE = MovieDetailTests/Info.plist;
				IPHONEOS_DEPLOYMENT_TARGET = 13.0;
				LD_RUNPATH_SEARCH_PATHS = (
					"$(inherited)",
					"@executable_path/Frameworks",
					"@loader_path/Frameworks",
				);
				PRODUCT_BUNDLE_IDENTIFIER = me.william.MovieDetailTests;
				SDKROOT = iphoneos;
				SWIFT_VERSION = 5;
				TARGETED_DEVICE_FAMILY = "1,2";
			};
			name = Debug;
		};
		76299921836BFF0476029673 /* Debug */ = {
			isa = XCBuildConfiguration;
			baseConfigurationReference = EE8CB85F280AE2118B08DDE8 /* Pods-MovieDetail.debug.xcconfig */;
			buildSettings = {
				CLANG_WARN_QUOTED_INCLUDE_IN_FRAMEWORK_HEADER = "$(inherited)";
				CODE_SIGN_IDENTITY = "";
				CODE_SIGN_STYLE = Manual;
				CURRENT_PROJECT_VERSION = 1;
				DEFINES_MODULE = YES;
				DYLIB_COMPATIBILITY_VERSION = 1;
				DYLIB_CURRENT_VERSION = 1;
				DYLIB_INSTALL_NAME_BASE = "@rpath";
				ENABLE_BITCODE = NO;
				FRAMEWORK_SEARCH_PATHS = (
					"$(inherited)",
					"\".\"",
				);
				INFOPLIST_FILE = MovieDetail/Info.plist;
				INSTALL_PATH = "$(LOCAL_LIBRARY_DIR)/Frameworks";
				LD_RUNPATH_SEARCH_PATHS = (
					"$(inherited)",
					"@executable_path/Frameworks",
				);
				MARKETING_VERSION = 1.0.1;
				PRODUCT_BUNDLE_IDENTIFIER = me.william.MovieDetail;
				PRODUCT_NAME = "$(TARGET_NAME)";
				SDKROOT = iphoneos;
				SKIP_INSTALL = YES;
				SUPPORTS_MACCATALYST = NO;
				SWIFT_OPTIMIZATION_LEVEL = "-O";
				SWIFT_VERSION = 5.0;
				TARGETED_DEVICE_FAMILY = "1,2";
				VERSIONING_SYSTEM = "apple-generic";
			};
			name = Debug;
		};
		81344538F1C97D2133AA2B5E /* Debug */ = {
			isa = XCBuildConfiguration;
			buildSettings = {
				ALWAYS_SEARCH_USER_PATHS = NO;
				CLANG_ANALYZER_NONNULL = YES;
				CLANG_ANALYZER_NUMBER_OBJECT_CONVERSION = YES_AGGRESSIVE;
				CLANG_CXX_LANGUAGE_STANDARD = "gnu++14";
				CLANG_CXX_LIBRARY = "libc++";
				CLANG_ENABLE_MODULES = YES;
				CLANG_ENABLE_OBJC_ARC = YES;
				CLANG_ENABLE_OBJC_WEAK = YES;
				CLANG_WARN_BLOCK_CAPTURE_AUTORELEASING = YES;
				CLANG_WARN_BOOL_CONVERSION = YES;
				CLANG_WARN_COMMA = YES;
				CLANG_WARN_CONSTANT_CONVERSION = YES;
				CLANG_WARN_DEPRECATED_OBJC_IMPLEMENTATIONS = YES;
				CLANG_WARN_DIRECT_OBJC_ISA_USAGE = YES_ERROR;
				CLANG_WARN_DOCUMENTATION_COMMENTS = YES;
				CLANG_WARN_EMPTY_BODY = YES;
				CLANG_WARN_ENUM_CONVERSION = YES;
				CLANG_WARN_INFINITE_RECURSION = YES;
				CLANG_WARN_INT_CONVERSION = YES;
				CLANG_WARN_NON_LITERAL_NULL_CONVERSION = YES;
				CLANG_WARN_OBJC_IMPLICIT_RETAIN_SELF = YES;
				CLANG_WARN_OBJC_LITERAL_CONVERSION = YES;
				CLANG_WARN_OBJC_ROOT_CLASS = YES_ERROR;
				CLANG_WARN_QUOTED_INCLUDE_IN_FRAMEWORK_HEADER = YES;
				CLANG_WARN_RANGE_LOOP_ANALYSIS = YES;
				CLANG_WARN_STRICT_PROTOTYPES = YES;
				CLANG_WARN_SUSPICIOUS_MOVE = YES;
				CLANG_WARN_UNGUARDED_AVAILABILITY = YES_AGGRESSIVE;
				CLANG_WARN_UNREACHABLE_CODE = YES;
				CLANG_WARN__DUPLICATE_METHOD_MATCH = YES;
				COPY_PHASE_STRIP = NO;
				DEBUG_INFORMATION_FORMAT = dwarf;
				ENABLE_STRICT_OBJC_MSGSEND = YES;
				ENABLE_TESTABILITY = YES;
				GCC_C_LANGUAGE_STANDARD = gnu11;
				GCC_DYNAMIC_NO_PIC = NO;
				GCC_NO_COMMON_BLOCKS = YES;
				GCC_OPTIMIZATION_LEVEL = 0;
				GCC_PREPROCESSOR_DEFINITIONS = (
					"$(inherited)",
					"DEBUG=1",
				);
				GCC_WARN_64_TO_32_BIT_CONVERSION = YES;
				GCC_WARN_ABOUT_RETURN_TYPE = YES_ERROR;
				GCC_WARN_UNDECLARED_SELECTOR = YES;
				GCC_WARN_UNINITIALIZED_AUTOS = YES_AGGRESSIVE;
				GCC_WARN_UNUSED_FUNCTION = YES;
				GCC_WARN_UNUSED_VARIABLE = YES;
				IPHONEOS_DEPLOYMENT_TARGET = 13.0;
				MTL_ENABLE_DEBUG_INFO = INCLUDE_SOURCE;
				MTL_FAST_MATH = YES;
				ONLY_ACTIVE_ARCH = YES;
				PRODUCT_NAME = "$(TARGET_NAME)";
				SDKROOT = iphoneos;
				SWIFT_ACTIVE_COMPILATION_CONDITIONS = DEBUG;
				SWIFT_OPTIMIZATION_LEVEL = "-Onone";
				SWIFT_VERSION = 5.0;
			};
			name = Debug;
		};
		A0650EEE9E18382F66B6AEB4 /* Release */ = {
			isa = XCBuildConfiguration;
			buildSettings = {
				ALWAYS_SEARCH_USER_PATHS = NO;
				CLANG_ANALYZER_NONNULL = YES;
				CLANG_ANALYZER_NUMBER_OBJECT_CONVERSION = YES_AGGRESSIVE;
				CLANG_CXX_LANGUAGE_STANDARD = "gnu++14";
				CLANG_CXX_LIBRARY = "libc++";
				CLANG_ENABLE_MODULES = YES;
				CLANG_ENABLE_OBJC_ARC = YES;
				CLANG_ENABLE_OBJC_WEAK = YES;
				CLANG_WARN_BLOCK_CAPTURE_AUTORELEASING = YES;
				CLANG_WARN_BOOL_CONVERSION = YES;
				CLANG_WARN_COMMA = YES;
				CLANG_WARN_CONSTANT_CONVERSION = YES;
				CLANG_WARN_DEPRECATED_OBJC_IMPLEMENTATIONS = YES;
				CLANG_WARN_DIRECT_OBJC_ISA_USAGE = YES_ERROR;
				CLANG_WARN_DOCUMENTATION_COMMENTS = YES;
				CLANG_WARN_EMPTY_BODY = YES;
				CLANG_WARN_ENUM_CONVERSION = YES;
				CLANG_WARN_INFINITE_RECURSION = YES;
				CLANG_WARN_INT_CONVERSION = YES;
				CLANG_WARN_NON_LITERAL_NULL_CONVERSION = YES;
				CLANG_WARN_OBJC_IMPLICIT_RETAIN_SELF = YES;
				CLANG_WARN_OBJC_LITERAL_CONVERSION = YES;
				CLANG_WARN_OBJC_ROOT_CLASS = YES_ERROR;
				CLANG_WARN_QUOTED_INCLUDE_IN_FRAMEWORK_HEADER = YES;
				CLANG_WARN_RANGE_LOOP_ANALYSIS = YES;
				CLANG_WARN_STRICT_PROTOTYPES = YES;
				CLANG_WARN_SUSPICIOUS_MOVE = YES;
				CLANG_WARN_UNGUARDED_AVAILABILITY = YES_AGGRESSIVE;
				CLANG_WARN_UNREACHABLE_CODE = YES;
				CLANG_WARN__DUPLICATE_METHOD_MATCH = YES;
				COPY_PHASE_STRIP = NO;
				DEBUG_INFORMATION_FORMAT = "dwarf-with-dsym";
				ENABLE_NS_ASSERTIONS = NO;
				ENABLE_STRICT_OBJC_MSGSEND = YES;
				GCC_C_LANGUAGE_STANDARD = gnu11;
				GCC_NO_COMMON_BLOCKS = YES;
				GCC_WARN_64_TO_32_BIT_CONVERSION = YES;
				GCC_WARN_ABOUT_RETURN_TYPE = YES_ERROR;
				GCC_WARN_UNDECLARED_SELECTOR = YES;
				GCC_WARN_UNINITIALIZED_AUTOS = YES_AGGRESSIVE;
				GCC_WARN_UNUSED_FUNCTION = YES;
				GCC_WARN_UNUSED_VARIABLE = YES;
				IPHONEOS_DEPLOYMENT_TARGET = 13.0;
				MTL_ENABLE_DEBUG_INFO = NO;
				MTL_FAST_MATH = YES;
				PRODUCT_NAME = "$(TARGET_NAME)";
				SDKROOT = iphoneos;
				SWIFT_COMPILATION_MODE = wholemodule;
				SWIFT_OPTIMIZATION_LEVEL = "-O";
				SWIFT_VERSION = 5.0;
			};
			name = Release;
		};
		A794B422E7182E4BFABBD15D /* Release */ = {
			isa = XCBuildConfiguration;
			baseConfigurationReference = 224DE6ECF8B4C629212F0089 /* Pods-MovieDetailTests.release.xcconfig */;
			buildSettings = {
				BUNDLE_LOADER = "$(TEST_HOST)";
				CODE_SIGN_STYLE = Manual;
				INFOPLIST_FILE = MovieDetailTests/Info.plist;
				IPHONEOS_DEPLOYMENT_TARGET = 13.0;
				LD_RUNPATH_SEARCH_PATHS = (
					"$(inherited)",
					"@executable_path/Frameworks",
					"@loader_path/Frameworks",
				);
				PRODUCT_BUNDLE_IDENTIFIER = me.william.MovieDetailTests;
				SDKROOT = iphoneos;
				SWIFT_VERSION = 5;
				TARGETED_DEVICE_FAMILY = "1,2";
			};
			name = Release;
		};
		B0821A179E1315D0FD637BA5 /* Release */ = {
			isa = XCBuildConfiguration;
			baseConfigurationReference = 219520BDA5482BC3B6B30FD1 /* Pods-MovieDetail.release.xcconfig */;
			buildSettings = {
				CLANG_WARN_QUOTED_INCLUDE_IN_FRAMEWORK_HEADER = "$(inherited)";
				CODE_SIGN_IDENTITY = "";
				CODE_SIGN_STYLE = Manual;
				CURRENT_PROJECT_VERSION = 1;
				DEFINES_MODULE = YES;
				DYLIB_COMPATIBILITY_VERSION = 1;
				DYLIB_CURRENT_VERSION = 1;
				DYLIB_INSTALL_NAME_BASE = "@rpath";
				ENABLE_BITCODE = NO;
				FRAMEWORK_SEARCH_PATHS = (
					"$(inherited)",
					"\".\"",
				);
				INFOPLIST_FILE = MovieDetail/Info.plist;
				INSTALL_PATH = "$(LOCAL_LIBRARY_DIR)/Frameworks";
				LD_RUNPATH_SEARCH_PATHS = (
					"$(inherited)",
					"@executable_path/Frameworks",
				);
				MARKETING_VERSION = 1.0.1;
				PRODUCT_BUNDLE_IDENTIFIER = me.william.MovieDetail;
				PRODUCT_NAME = "$(TARGET_NAME)";
				SDKROOT = iphoneos;
				SKIP_INSTALL = YES;
				SUPPORTS_MACCATALYST = NO;
				SWIFT_OPTIMIZATION_LEVEL = "-Onone";
				SWIFT_VERSION = 5.0;
				TARGETED_DEVICE_FAMILY = "1,2";
				VERSIONING_SYSTEM = "apple-generic";
			};
			name = Release;
		};
/* End XCBuildConfiguration section */

/* Begin XCConfigurationList section */
		4CB76E214CFB5E7B6E760F91 /* Build configuration list for PBXProject "MovieDetail" */ = {
			isa = XCConfigurationList;
			buildConfigurations = (
				81344538F1C97D2133AA2B5E /* Debug */,
				A0650EEE9E18382F66B6AEB4 /* Release */,
			);
			defaultConfigurationIsVisible = 0;
			defaultConfigurationName = Debug;
		};
		741FE6AABAECE78218FF9063 /* Build configuration list for PBXNativeTarget "MovieDetail" */ = {
			isa = XCConfigurationList;
			buildConfigurations = (
				76299921836BFF0476029673 /* Debug */,
				B0821A179E1315D0FD637BA5 /* Release */,
			);
			defaultConfigurationIsVisible = 0;
			defaultConfigurationName = Debug;
		};
		CA6DCA0F5FE7096E6A8E2106 /* Build configuration list for PBXNativeTarget "MovieDetailTests" */ = {
			isa = XCConfigurationList;
			buildConfigurations = (
				615AEC7B70D03A7FCCF0DB78 /* Debug */,
				A794B422E7182E4BFABBD15D /* Release */,
			);
			defaultConfigurationIsVisible = 0;
			defaultConfigurationName = Debug;
		};
/* End XCConfigurationList section */
	};
	rootObject = 79E48FCA105391E8DE38C5A9 /* Project object */;
}
