// !$*UTF8*$!
{
	archiveVersion = 1;
	classes = {
	};
	objectVersion = 51;
	objects = {

/* Begin PBXBuildFile section */
		35028DF327747DFA00991CE7 /* Router.swift in Sources */ = {isa = PBXBuildFile; fileRef = 35028DF227747DFA00991CE7 /* Router.swift */; };
		351E678127D486DD00A1C2D4 /* DynamicCollectionView.swift in Sources */ = {isa = PBXBuildFile; fileRef = 351E678027D486DD00A1C2D4 /* DynamicCollectionView.swift */; };
		351E678327D4A1B800A1C2D4 /* Exp.xib in Resources */ = {isa = PBXBuildFile; fileRef = 351E678227D4A1B800A1C2D4 /* Exp.xib */; };
		3538FE1227CCACE7003D47A2 /* MovieDBTests.swift in Sources */ = {isa = PBXBuildFile; fileRef = 3538FE1127CCACE7003D47A2 /* MovieDBTests.swift */; };
		3538FE1B27CCB1B9003D47A2 /* MovieDetailResponse.swift in Sources */ = {isa = PBXBuildFile; fileRef = 3538FE1A27CCB1B9003D47A2 /* MovieDetailResponse.swift */; };
		3538FE1F27CCB2C2003D47A2 /* MovieDetailUseCase.swift in Sources */ = {isa = PBXBuildFile; fileRef = 3538FE1E27CCB2C2003D47A2 /* MovieDetailUseCase.swift */; };
		3538FE2327CCB2FD003D47A2 /* MovieDetailRepository.swift in Sources */ = {isa = PBXBuildFile; fileRef = 3538FE2227CCB2FD003D47A2 /* MovieDetailRepository.swift */; };
		3538FE2627CCB343003D47A2 /* Injected+MovieDetail.swift in Sources */ = {isa = PBXBuildFile; fileRef = 3538FE2527CCB343003D47A2 /* Injected+MovieDetail.swift */; };
		3538FE3127CCBE95003D47A2 /* MovieDetailHeaderView.swift in Sources */ = {isa = PBXBuildFile; fileRef = 3538FE3027CCBE95003D47A2 /* MovieDetailHeaderView.swift */; };
		3538FE3327CCC435003D47A2 /* MovieDetailCell.swift in Sources */ = {isa = PBXBuildFile; fileRef = 3538FE3227CCC435003D47A2 /* MovieDetailCell.swift */; };
		3538FE3B27CCD116003D47A2 /* CategoryItemCell.swift in Sources */ = {isa = PBXBuildFile; fileRef = 3538FE3A27CCD116003D47A2 /* CategoryItemCell.swift */; };
		354BD99D27C22CD100774AE8 /* NowPlayingSectionMovie.swift in Sources */ = {isa = PBXBuildFile; fileRef = 354BD99C27C22CD000774AE8 /* NowPlayingSectionMovie.swift */; };
		354DC1E02770BD0B00FAA6D2 /* RxPublished.swift in Sources */ = {isa = PBXBuildFile; fileRef = 354DC1DF2770BD0A00FAA6D2 /* RxPublished.swift */; };
		354DC1E32770BE9A00FAA6D2 /* SectionMovieCell.swift in Sources */ = {isa = PBXBuildFile; fileRef = 354DC1E22770BE9A00FAA6D2 /* SectionMovieCell.swift */; };
		354DC1E52770C0BF00FAA6D2 /* Proxy.swift in Sources */ = {isa = PBXBuildFile; fileRef = 354DC1E42770C0BF00FAA6D2 /* Proxy.swift */; };
		354DC1E72770C0FE00FAA6D2 /* RxBinding.swift in Sources */ = {isa = PBXBuildFile; fileRef = 354DC1E62770C0FE00FAA6D2 /* RxBinding.swift */; };
		354DC1EA2770C13700FAA6D2 /* Rx+ActivityIndicator.swift in Sources */ = {isa = PBXBuildFile; fileRef = 354DC1E92770C13700FAA6D2 /* Rx+ActivityIndicator.swift */; };
		354DC1EE2770CCAD00FAA6D2 /* Ext+UITableView.swift in Sources */ = {isa = PBXBuildFile; fileRef = 354DC1ED2770CCAC00FAA6D2 /* Ext+UITableView.swift */; };
		354DC1F22770CD6D00FAA6D2 /* MovieItemSectionCell.swift in Sources */ = {isa = PBXBuildFile; fileRef = 354DC1F12770CD6D00FAA6D2 /* MovieItemSectionCell.swift */; };
		355EACE42779F5B300126D2C /* NavigationRoute.swift in Sources */ = {isa = PBXBuildFile; fileRef = 355EACE32779F5B300126D2C /* NavigationRoute.swift */; };
		355EACE9277A089F00126D2C /* MovieListModel.swift in Sources */ = {isa = PBXBuildFile; fileRef = 355EACE8277A089F00126D2C /* MovieListModel.swift */; };
		356C6C9D26C65C14007A0F67 /* AppDelegate.swift in Sources */ = {isa = PBXBuildFile; fileRef = 356C6C9C26C65C14007A0F67 /* AppDelegate.swift */; };
		356C6C9F26C65C14007A0F67 /* SceneDelegate.swift in Sources */ = {isa = PBXBuildFile; fileRef = 356C6C9E26C65C14007A0F67 /* SceneDelegate.swift */; };
		356C6CA626C65C16007A0F67 /* Assets.xcassets in Resources */ = {isa = PBXBuildFile; fileRef = 356C6CA526C65C16007A0F67 /* Assets.xcassets */; };
		356C6CA926C65C16007A0F67 /* LaunchScreen.storyboard in Resources */ = {isa = PBXBuildFile; fileRef = 356C6CA726C65C16007A0F67 /* LaunchScreen.storyboard */; };
		35790F3327708FF60038B210 /* Coordinator.swift in Sources */ = {isa = PBXBuildFile; fileRef = 35790F3227708FF60038B210 /* Coordinator.swift */; };
		35790F35277090460038B210 /* BaseCoordinator.swift in Sources */ = {isa = PBXBuildFile; fileRef = 35790F34277090460038B210 /* BaseCoordinator.swift */; };
		35790F38277090640038B210 /* RxSignal.swift in Sources */ = {isa = PBXBuildFile; fileRef = 35790F37277090640038B210 /* RxSignal.swift */; };
		35790F3A2770909F0038B210 /* AppCoordinator.swift in Sources */ = {isa = PBXBuildFile; fileRef = 35790F392770909F0038B210 /* AppCoordinator.swift */; };
		35790F3E277091600038B210 /* MovieListViewController.swift in Sources */ = {isa = PBXBuildFile; fileRef = 35790F3D277091600038B210 /* MovieListViewController.swift */; };
		35790F402770917A0038B210 /* MovieListViewModel.swift in Sources */ = {isa = PBXBuildFile; fileRef = 35790F3F2770917A0038B210 /* MovieListViewModel.swift */; };
		35790F47277092CA0038B210 /* Bindable.swift in Sources */ = {isa = PBXBuildFile; fileRef = 35790F46277092CA0038B210 /* Bindable.swift */; };
		357B78F027775BC100083449 /* Routing.swift in Sources */ = {isa = PBXBuildFile; fileRef = 357B78EF27775BC100083449 /* Routing.swift */; };
		357B78F327775D0A00083449 /* DIWrapper.swift in Sources */ = {isa = PBXBuildFile; fileRef = 357B78F227775D0A00083449 /* DIWrapper.swift */; };
		358B04DF277230F40012373E /* MovieDetailViewController.swift in Sources */ = {isa = PBXBuildFile; fileRef = 358B04DE277230F40012373E /* MovieDetailViewController.swift */; };
		358B04E1277231140012373E /* MovieDetailViewModel.swift in Sources */ = {isa = PBXBuildFile; fileRef = 358B04E0277231140012373E /* MovieDetailViewModel.swift */; };
		35BAEDF827AA6D630062DF80 /* ParentViewController.swift in Sources */ = {isa = PBXBuildFile; fileRef = 35BAEDF727AA6D630062DF80 /* ParentViewController.swift */; };
		35BAEDFC27AA9F820062DF80 /* Injected.swift in Sources */ = {isa = PBXBuildFile; fileRef = 35BAEDFB27AA9F820062DF80 /* Injected.swift */; };
		35BAEE0027AAAB430062DF80 /* Injected+Navigation.swift in Sources */ = {isa = PBXBuildFile; fileRef = 35BAEDFF27AAAB430062DF80 /* Injected+Navigation.swift */; };
		35BFCDE6277380A40022A9BE /* NavigationFlow.swift in Sources */ = {isa = PBXBuildFile; fileRef = 35BFCDE5277380A40022A9BE /* NavigationFlow.swift */; };
		35CAE8F62770D32C004ADBDE /* Ext+UIColor.swift in Sources */ = {isa = PBXBuildFile; fileRef = 35CAE8F52770D32C004ADBDE /* Ext+UIColor.swift */; };
		35D5A0A127AFB04F0015CDD0 /* TableSectionViewModel.swift in Sources */ = {isa = PBXBuildFile; fileRef = 35D5A0A027AFB04F0015CDD0 /* TableSectionViewModel.swift */; };
		35D5A0A427AFB0D50015CDD0 /* NowPlayingMovieCell.swift in Sources */ = {isa = PBXBuildFile; fileRef = 35D5A0A327AFB0D50015CDD0 /* NowPlayingMovieCell.swift */; };
		35D5A0A827AFB2020015CDD0 /* GradientView.swift in Sources */ = {isa = PBXBuildFile; fileRef = 35D5A0A727AFB2020015CDD0 /* GradientView.swift */; };
		35D5A0AB27AFB4230015CDD0 /* Ext+StackView.swift in Sources */ = {isa = PBXBuildFile; fileRef = 35D5A0AA27AFB4230015CDD0 /* Ext+StackView.swift */; };
		35D8B871277095DC00D3D779 /* NetworkConfig.swift in Sources */ = {isa = PBXBuildFile; fileRef = 35D8B870277095DC00D3D779 /* NetworkConfig.swift */; };
		35D8B873277096A600D3D779 /* NetworkSession.swift in Sources */ = {isa = PBXBuildFile; fileRef = 35D8B872277096A600D3D779 /* NetworkSession.swift */; };
		35D8B875277096DA00D3D779 /* NetworkRequest.swift in Sources */ = {isa = PBXBuildFile; fileRef = 35D8B874277096DA00D3D779 /* NetworkRequest.swift */; };
		35D8B8792770977D00D3D779 /* AlertViewController.swift in Sources */ = {isa = PBXBuildFile; fileRef = 35D8B8782770977D00D3D779 /* AlertViewController.swift */; };
		35D8B87D277097ED00D3D779 /* NetworkReachability.swift in Sources */ = {isa = PBXBuildFile; fileRef = 35D8B87C277097ED00D3D779 /* NetworkReachability.swift */; };
		35D8B8802770982F00D3D779 /* Logger.swift in Sources */ = {isa = PBXBuildFile; fileRef = 35D8B87F2770982F00D3D779 /* Logger.swift */; };
		35D8B88327709C4F00D3D779 /* Endpoint.swift in Sources */ = {isa = PBXBuildFile; fileRef = 35D8B88227709C4F00D3D779 /* Endpoint.swift */; };
		35D8B88627709CA300D3D779 /* MovieEndpoint.swift in Sources */ = {isa = PBXBuildFile; fileRef = 35D8B88527709CA300D3D779 /* MovieEndpoint.swift */; };
		35D8B88927709D0D00D3D779 /* MovieResponse.swift in Sources */ = {isa = PBXBuildFile; fileRef = 35D8B88827709D0D00D3D779 /* MovieResponse.swift */; };
		35D8B89027709ECD00D3D779 /* MovieListUseCase.swift in Sources */ = {isa = PBXBuildFile; fileRef = 35D8B88F27709ECD00D3D779 /* MovieListUseCase.swift */; };
		35D8B89427709F0100D3D779 /* MovieListRepository.swift in Sources */ = {isa = PBXBuildFile; fileRef = 35D8B89327709F0100D3D779 /* MovieListRepository.swift */; };
		35D8B89C2770AAE200D3D779 /* Injected+Network.swift in Sources */ = {isa = PBXBuildFile; fileRef = 35D8B89B2770AAE200D3D779 /* Injected+Network.swift */; };
		35D8B8A12770AFA000D3D779 /* Injected+MovieList.swift in Sources */ = {isa = PBXBuildFile; fileRef = 35D8B8A02770AFA000D3D779 /* Injected+MovieList.swift */; };
		35D8B8A62770B0FC00D3D779 /* MovieListCoordinator.swift in Sources */ = {isa = PBXBuildFile; fileRef = 35D8B8A52770B0FC00D3D779 /* MovieListCoordinator.swift */; };
		35D99CD227731E5A00C65403 /* MovieListViewModelIO.swift in Sources */ = {isa = PBXBuildFile; fileRef = 35D99CD127731E5A00C65403 /* MovieListViewModelIO.swift */; };
		F99EEC6433C45D8128A751EA /* Pods_MovieDB.framework in Frameworks */ = {isa = PBXBuildFile; fileRef = E331C4D4479BFF461452A337 /* Pods_MovieDB.framework */; };
/* End PBXBuildFile section */

/* Begin PBXContainerItemProxy section */
		3538FE1327CCACE7003D47A2 /* PBXContainerItemProxy */ = {
			isa = PBXContainerItemProxy;
			containerPortal = 356C6C9126C65C14007A0F67 /* Project object */;
			proxyType = 1;
			remoteGlobalIDString = 356C6C9826C65C14007A0F67;
			remoteInfo = MovieDB;
		};
/* End PBXContainerItemProxy section */

/* Begin PBXFileReference section */
		35028DF227747DFA00991CE7 /* Router.swift */ = {isa = PBXFileReference; lastKnownFileType = sourcecode.swift; path = Router.swift; sourceTree = "<group>"; };
		351E678027D486DD00A1C2D4 /* DynamicCollectionView.swift */ = {isa = PBXFileReference; lastKnownFileType = sourcecode.swift; path = DynamicCollectionView.swift; sourceTree = "<group>"; };
		351E678227D4A1B800A1C2D4 /* Exp.xib */ = {isa = PBXFileReference; lastKnownFileType = file.xib; path = Exp.xib; sourceTree = "<group>"; };
		3538FE0F27CCACE7003D47A2 /* MovieDBTests.xctest */ = {isa = PBXFileReference; explicitFileType = wrapper.cfbundle; includeInIndex = 0; path = MovieDBTests.xctest; sourceTree = BUILT_PRODUCTS_DIR; };
		3538FE1127CCACE7003D47A2 /* MovieDBTests.swift */ = {isa = PBXFileReference; lastKnownFileType = sourcecode.swift; path = MovieDBTests.swift; sourceTree = "<group>"; };
		3538FE1A27CCB1B9003D47A2 /* MovieDetailResponse.swift */ = {isa = PBXFileReference; lastKnownFileType = sourcecode.swift; path = MovieDetailResponse.swift; sourceTree = "<group>"; };
		3538FE1E27CCB2C2003D47A2 /* MovieDetailUseCase.swift */ = {isa = PBXFileReference; lastKnownFileType = sourcecode.swift; path = MovieDetailUseCase.swift; sourceTree = "<group>"; };
		3538FE2227CCB2FD003D47A2 /* MovieDetailRepository.swift */ = {isa = PBXFileReference; lastKnownFileType = sourcecode.swift; path = MovieDetailRepository.swift; sourceTree = "<group>"; };
		3538FE2527CCB343003D47A2 /* Injected+MovieDetail.swift */ = {isa = PBXFileReference; lastKnownFileType = sourcecode.swift; path = "Injected+MovieDetail.swift"; sourceTree = "<group>"; };
		3538FE3027CCBE95003D47A2 /* MovieDetailHeaderView.swift */ = {isa = PBXFileReference; lastKnownFileType = sourcecode.swift; path = MovieDetailHeaderView.swift; sourceTree = "<group>"; };
		3538FE3227CCC435003D47A2 /* MovieDetailCell.swift */ = {isa = PBXFileReference; lastKnownFileType = sourcecode.swift; path = MovieDetailCell.swift; sourceTree = "<group>"; };
		3538FE3A27CCD116003D47A2 /* CategoryItemCell.swift */ = {isa = PBXFileReference; lastKnownFileType = sourcecode.swift; path = CategoryItemCell.swift; sourceTree = "<group>"; };
		354BD99C27C22CD000774AE8 /* NowPlayingSectionMovie.swift */ = {isa = PBXFileReference; lastKnownFileType = sourcecode.swift; path = NowPlayingSectionMovie.swift; sourceTree = "<group>"; };
		354DC1DF2770BD0A00FAA6D2 /* RxPublished.swift */ = {isa = PBXFileReference; lastKnownFileType = sourcecode.swift; path = RxPublished.swift; sourceTree = "<group>"; };
		354DC1E22770BE9A00FAA6D2 /* SectionMovieCell.swift */ = {isa = PBXFileReference; lastKnownFileType = sourcecode.swift; path = SectionMovieCell.swift; sourceTree = "<group>"; };
		354DC1E42770C0BF00FAA6D2 /* Proxy.swift */ = {isa = PBXFileReference; lastKnownFileType = sourcecode.swift; path = Proxy.swift; sourceTree = "<group>"; };
		354DC1E62770C0FE00FAA6D2 /* RxBinding.swift */ = {isa = PBXFileReference; lastKnownFileType = sourcecode.swift; path = RxBinding.swift; sourceTree = "<group>"; };
		354DC1E92770C13700FAA6D2 /* Rx+ActivityIndicator.swift */ = {isa = PBXFileReference; lastKnownFileType = sourcecode.swift; path = "Rx+ActivityIndicator.swift"; sourceTree = "<group>"; };
		354DC1ED2770CCAC00FAA6D2 /* Ext+UITableView.swift */ = {isa = PBXFileReference; lastKnownFileType = sourcecode.swift; path = "Ext+UITableView.swift"; sourceTree = "<group>"; };
		354DC1F12770CD6D00FAA6D2 /* MovieItemSectionCell.swift */ = {isa = PBXFileReference; lastKnownFileType = sourcecode.swift; path = MovieItemSectionCell.swift; sourceTree = "<group>"; };
		355EACE32779F5B300126D2C /* NavigationRoute.swift */ = {isa = PBXFileReference; lastKnownFileType = sourcecode.swift; path = NavigationRoute.swift; sourceTree = "<group>"; };
		355EACE8277A089F00126D2C /* MovieListModel.swift */ = {isa = PBXFileReference; lastKnownFileType = sourcecode.swift; path = MovieListModel.swift; sourceTree = "<group>"; };
		356C6C9926C65C14007A0F67 /* MovieDB.app */ = {isa = PBXFileReference; explicitFileType = wrapper.application; includeInIndex = 0; path = MovieDB.app; sourceTree = BUILT_PRODUCTS_DIR; };
		356C6C9C26C65C14007A0F67 /* AppDelegate.swift */ = {isa = PBXFileReference; lastKnownFileType = sourcecode.swift; path = AppDelegate.swift; sourceTree = "<group>"; };
		356C6C9E26C65C14007A0F67 /* SceneDelegate.swift */ = {isa = PBXFileReference; lastKnownFileType = sourcecode.swift; path = SceneDelegate.swift; sourceTree = "<group>"; };
		356C6CA526C65C16007A0F67 /* Assets.xcassets */ = {isa = PBXFileReference; lastKnownFileType = folder.assetcatalog; path = Assets.xcassets; sourceTree = "<group>"; };
		356C6CA826C65C16007A0F67 /* Base */ = {isa = PBXFileReference; lastKnownFileType = file.storyboard; name = Base; path = Base.lproj/LaunchScreen.storyboard; sourceTree = "<group>"; };
		356C6CAA26C65C16007A0F67 /* Info.plist */ = {isa = PBXFileReference; lastKnownFileType = text.plist.xml; path = Info.plist; sourceTree = "<group>"; };
		35790F3227708FF60038B210 /* Coordinator.swift */ = {isa = PBXFileReference; lastKnownFileType = sourcecode.swift; path = Coordinator.swift; sourceTree = "<group>"; };
		35790F34277090460038B210 /* BaseCoordinator.swift */ = {isa = PBXFileReference; lastKnownFileType = sourcecode.swift; path = BaseCoordinator.swift; sourceTree = "<group>"; };
		35790F37277090640038B210 /* RxSignal.swift */ = {isa = PBXFileReference; lastKnownFileType = sourcecode.swift; path = RxSignal.swift; sourceTree = "<group>"; };
		35790F392770909F0038B210 /* AppCoordinator.swift */ = {isa = PBXFileReference; lastKnownFileType = sourcecode.swift; path = AppCoordinator.swift; sourceTree = "<group>"; };
		35790F3D277091600038B210 /* MovieListViewController.swift */ = {isa = PBXFileReference; lastKnownFileType = sourcecode.swift; path = MovieListViewController.swift; sourceTree = "<group>"; };
		35790F3F2770917A0038B210 /* MovieListViewModel.swift */ = {isa = PBXFileReference; lastKnownFileType = sourcecode.swift; path = MovieListViewModel.swift; sourceTree = "<group>"; };
		35790F46277092CA0038B210 /* Bindable.swift */ = {isa = PBXFileReference; lastKnownFileType = sourcecode.swift; path = Bindable.swift; sourceTree = "<group>"; };
		357B78EF27775BC100083449 /* Routing.swift */ = {isa = PBXFileReference; lastKnownFileType = sourcecode.swift; path = Routing.swift; sourceTree = "<group>"; };
		357B78F227775D0A00083449 /* DIWrapper.swift */ = {isa = PBXFileReference; lastKnownFileType = sourcecode.swift; path = DIWrapper.swift; sourceTree = "<group>"; };
		358B04DE277230F40012373E /* MovieDetailViewController.swift */ = {isa = PBXFileReference; lastKnownFileType = sourcecode.swift; path = MovieDetailViewController.swift; sourceTree = "<group>"; };
		358B04E0277231140012373E /* MovieDetailViewModel.swift */ = {isa = PBXFileReference; lastKnownFileType = sourcecode.swift; path = MovieDetailViewModel.swift; sourceTree = "<group>"; };
		35BAEDF727AA6D630062DF80 /* ParentViewController.swift */ = {isa = PBXFileReference; lastKnownFileType = sourcecode.swift; path = ParentViewController.swift; sourceTree = "<group>"; };
		35BAEDFB27AA9F820062DF80 /* Injected.swift */ = {isa = PBXFileReference; lastKnownFileType = sourcecode.swift; path = Injected.swift; sourceTree = "<group>"; };
		35BAEDFF27AAAB430062DF80 /* Injected+Navigation.swift */ = {isa = PBXFileReference; lastKnownFileType = sourcecode.swift; path = "Injected+Navigation.swift"; sourceTree = "<group>"; };
		35BFCDE5277380A40022A9BE /* NavigationFlow.swift */ = {isa = PBXFileReference; lastKnownFileType = sourcecode.swift; path = NavigationFlow.swift; sourceTree = "<group>"; };
		35CAE8F52770D32C004ADBDE /* Ext+UIColor.swift */ = {isa = PBXFileReference; lastKnownFileType = sourcecode.swift; path = "Ext+UIColor.swift"; sourceTree = "<group>"; };
		35D5A0A027AFB04F0015CDD0 /* TableSectionViewModel.swift */ = {isa = PBXFileReference; lastKnownFileType = sourcecode.swift; path = TableSectionViewModel.swift; sourceTree = "<group>"; };
		35D5A0A327AFB0D50015CDD0 /* NowPlayingMovieCell.swift */ = {isa = PBXFileReference; lastKnownFileType = sourcecode.swift; path = NowPlayingMovieCell.swift; sourceTree = "<group>"; };
		35D5A0A727AFB2020015CDD0 /* GradientView.swift */ = {isa = PBXFileReference; lastKnownFileType = sourcecode.swift; path = GradientView.swift; sourceTree = "<group>"; };
		35D5A0AA27AFB4230015CDD0 /* Ext+StackView.swift */ = {isa = PBXFileReference; lastKnownFileType = sourcecode.swift; path = "Ext+StackView.swift"; sourceTree = "<group>"; };
		35D8B870277095DC00D3D779 /* NetworkConfig.swift */ = {isa = PBXFileReference; lastKnownFileType = sourcecode.swift; path = NetworkConfig.swift; sourceTree = "<group>"; };
		35D8B872277096A600D3D779 /* NetworkSession.swift */ = {isa = PBXFileReference; lastKnownFileType = sourcecode.swift; path = NetworkSession.swift; sourceTree = "<group>"; };
		35D8B874277096DA00D3D779 /* NetworkRequest.swift */ = {isa = PBXFileReference; lastKnownFileType = sourcecode.swift; path = NetworkRequest.swift; sourceTree = "<group>"; };
		35D8B8782770977D00D3D779 /* AlertViewController.swift */ = {isa = PBXFileReference; lastKnownFileType = sourcecode.swift; path = AlertViewController.swift; sourceTree = "<group>"; };
		35D8B87C277097ED00D3D779 /* NetworkReachability.swift */ = {isa = PBXFileReference; lastKnownFileType = sourcecode.swift; path = NetworkReachability.swift; sourceTree = "<group>"; };
		35D8B87F2770982F00D3D779 /* Logger.swift */ = {isa = PBXFileReference; lastKnownFileType = sourcecode.swift; path = Logger.swift; sourceTree = "<group>"; };
		35D8B88227709C4F00D3D779 /* Endpoint.swift */ = {isa = PBXFileReference; lastKnownFileType = sourcecode.swift; path = Endpoint.swift; sourceTree = "<group>"; };
		35D8B88527709CA300D3D779 /* MovieEndpoint.swift */ = {isa = PBXFileReference; lastKnownFileType = sourcecode.swift; path = MovieEndpoint.swift; sourceTree = "<group>"; };
		35D8B88827709D0D00D3D779 /* MovieResponse.swift */ = {isa = PBXFileReference; lastKnownFileType = sourcecode.swift; path = MovieResponse.swift; sourceTree = "<group>"; };
		35D8B88F27709ECD00D3D779 /* MovieListUseCase.swift */ = {isa = PBXFileReference; lastKnownFileType = sourcecode.swift; path = MovieListUseCase.swift; sourceTree = "<group>"; };
		35D8B89327709F0100D3D779 /* MovieListRepository.swift */ = {isa = PBXFileReference; lastKnownFileType = sourcecode.swift; path = MovieListRepository.swift; sourceTree = "<group>"; };
		35D8B89B2770AAE200D3D779 /* Injected+Network.swift */ = {isa = PBXFileReference; lastKnownFileType = sourcecode.swift; path = "Injected+Network.swift"; sourceTree = "<group>"; };
		35D8B8A02770AFA000D3D779 /* Injected+MovieList.swift */ = {isa = PBXFileReference; lastKnownFileType = sourcecode.swift; path = "Injected+MovieList.swift"; sourceTree = "<group>"; };
		35D8B8A52770B0FC00D3D779 /* MovieListCoordinator.swift */ = {isa = PBXFileReference; lastKnownFileType = sourcecode.swift; path = MovieListCoordinator.swift; sourceTree = "<group>"; };
		35D99CD127731E5A00C65403 /* MovieListViewModelIO.swift */ = {isa = PBXFileReference; lastKnownFileType = sourcecode.swift; path = MovieListViewModelIO.swift; sourceTree = "<group>"; };
		4B7141CF54A4C02EB7C2F4A8 /* Pods-MovieDB.release.xcconfig */ = {isa = PBXFileReference; includeInIndex = 1; lastKnownFileType = text.xcconfig; name = "Pods-MovieDB.release.xcconfig"; path = "Target Support Files/Pods-MovieDB/Pods-MovieDB.release.xcconfig"; sourceTree = "<group>"; };
		B8AA2C9F4C38C530D83F8D75 /* Pods-MovieDB.debug.xcconfig */ = {isa = PBXFileReference; includeInIndex = 1; lastKnownFileType = text.xcconfig; name = "Pods-MovieDB.debug.xcconfig"; path = "Target Support Files/Pods-MovieDB/Pods-MovieDB.debug.xcconfig"; sourceTree = "<group>"; };
		E331C4D4479BFF461452A337 /* Pods_MovieDB.framework */ = {isa = PBXFileReference; explicitFileType = wrapper.framework; includeInIndex = 0; path = Pods_MovieDB.framework; sourceTree = BUILT_PRODUCTS_DIR; };
/* End PBXFileReference section */

/* Begin PBXFrameworksBuildPhase section */
		3538FE0C27CCACE7003D47A2 /* Frameworks */ = {
			isa = PBXFrameworksBuildPhase;
			buildActionMask = 2147483647;
			files = (
			);
			runOnlyForDeploymentPostprocessing = 0;
		};
		356C6C9626C65C14007A0F67 /* Frameworks */ = {
			isa = PBXFrameworksBuildPhase;
			buildActionMask = 2147483647;
			files = (
				F99EEC6433C45D8128A751EA /* Pods_MovieDB.framework in Frameworks */,
			);
			runOnlyForDeploymentPostprocessing = 0;
		};
/* End PBXFrameworksBuildPhase section */

/* Begin PBXGroup section */
		16E8B0B8C50CDC72D48E62E7 /* Frameworks */ = {
			isa = PBXGroup;
			children = (
				E331C4D4479BFF461452A337 /* Pods_MovieDB.framework */,
			);
			name = Frameworks;
			sourceTree = "<group>";
		};
		35028DF127747DEE00991CE7 /* Router */ = {
			isa = PBXGroup;
			children = (
				35028DF227747DFA00991CE7 /* Router.swift */,
			);
			path = Router;
			sourceTree = "<group>";
		};
		3538FE1027CCACE7003D47A2 /* MovieDBTests */ = {
			isa = PBXGroup;
			children = (
				3538FE1127CCACE7003D47A2 /* MovieDBTests.swift */,
			);
			path = MovieDBTests;
			sourceTree = "<group>";
		};
		3538FE1827CCB19C003D47A2 /* MovieList */ = {
			isa = PBXGroup;
			children = (
				35D8B88827709D0D00D3D779 /* MovieResponse.swift */,
			);
			path = MovieList;
			sourceTree = "<group>";
		};
		3538FE1927CCB1AD003D47A2 /* MovieDetail */ = {
			isa = PBXGroup;
			children = (
				3538FE1A27CCB1B9003D47A2 /* MovieDetailResponse.swift */,
			);
			path = MovieDetail;
			sourceTree = "<group>";
		};
		3538FE1C27CCB2B3003D47A2 /* MovieList */ = {
			isa = PBXGroup;
			children = (
				35D8B88F27709ECD00D3D779 /* MovieListUseCase.swift */,
			);
			path = MovieList;
			sourceTree = "<group>";
		};
		3538FE1D27CCB2B9003D47A2 /* MovieDetail */ = {
			isa = PBXGroup;
			children = (
				3538FE1E27CCB2C2003D47A2 /* MovieDetailUseCase.swift */,
			);
			path = MovieDetail;
			sourceTree = "<group>";
		};
		3538FE2027CCB2EE003D47A2 /* MovieList */ = {
			isa = PBXGroup;
			children = (
				35D8B89327709F0100D3D779 /* MovieListRepository.swift */,
			);
			path = MovieList;
			sourceTree = "<group>";
		};
		3538FE2127CCB2F4003D47A2 /* MovieDetail */ = {
			isa = PBXGroup;
			children = (
				3538FE2227CCB2FD003D47A2 /* MovieDetailRepository.swift */,
			);
			path = MovieDetail;
			sourceTree = "<group>";
		};
		3538FE2427CCB339003D47A2 /* MovieDetail */ = {
			isa = PBXGroup;
			children = (
				3538FE2527CCB343003D47A2 /* Injected+MovieDetail.swift */,
			);
			path = MovieDetail;
			sourceTree = "<group>";
		};
		3538FE2C27CCBC30003D47A2 /* Expandable */ = {
			isa = PBXGroup;
			children = (
			);
			path = Expandable;
			sourceTree = "<group>";
		};
		3538FE2D27CCBE7E003D47A2 /* View */ = {
			isa = PBXGroup;
			children = (
				3538FE3527CCC62D003D47A2 /* Content */,
				3538FE3427CCC625003D47A2 /* Header */,
			);
			path = View;
			sourceTree = "<group>";
		};
		3538FE3427CCC625003D47A2 /* Header */ = {
			isa = PBXGroup;
			children = (
				3538FE3027CCBE95003D47A2 /* MovieDetailHeaderView.swift */,
			);
			path = Header;
			sourceTree = "<group>";
		};
		3538FE3527CCC62D003D47A2 /* Content */ = {
			isa = PBXGroup;
			children = (
				3538FE3227CCC435003D47A2 /* MovieDetailCell.swift */,
			);
			path = Content;
			sourceTree = "<group>";
		};
		3538FE3927CCD10B003D47A2 /* Category */ = {
			isa = PBXGroup;
			children = (
				3538FE3A27CCD116003D47A2 /* CategoryItemCell.swift */,
			);
			path = Category;
			sourceTree = "<group>";
		};
		354BD99B27C22CC500774AE8 /* Section */ = {
			isa = PBXGroup;
			children = (
				354BD99C27C22CD000774AE8 /* NowPlayingSectionMovie.swift */,
			);
			path = Section;
			sourceTree = "<group>";
		};
		354BD99E27C247EB00774AE8 /* CollectionView */ = {
			isa = PBXGroup;
			children = (
				3538FE3927CCD10B003D47A2 /* Category */,
				351E678027D486DD00A1C2D4 /* DynamicCollectionView.swift */,
			);
			path = CollectionView;
			sourceTree = "<group>";
		};
		354DC1E12770BE9300FAA6D2 /* View */ = {
			isa = PBXGroup;
			children = (
				354DC1F02770CD4F00FAA6D2 /* Cell */,
			);
			path = View;
			sourceTree = "<group>";
		};
		354DC1E82770C12C00FAA6D2 /* Activity */ = {
			isa = PBXGroup;
			children = (
				354DC1E92770C13700FAA6D2 /* Rx+ActivityIndicator.swift */,
			);
			path = Activity;
			sourceTree = "<group>";
		};
		354DC1EB2770C1A800FAA6D2 /* Wrapper */ = {
			isa = PBXGroup;
			children = (
				35790F37277090640038B210 /* RxSignal.swift */,
				354DC1DF2770BD0A00FAA6D2 /* RxPublished.swift */,
			);
			path = Wrapper;
			sourceTree = "<group>";
		};
		354DC1EC2770CC9E00FAA6D2 /* Extensions */ = {
			isa = PBXGroup;
			children = (
				35D5A0A927AFB4190015CDD0 /* StackView */,
				35CAE8F42770D326004ADBDE /* Color */,
				354DC1EF2770CCBA00FAA6D2 /* TableView */,
			);
			path = Extensions;
			sourceTree = "<group>";
		};
		354DC1EF2770CCBA00FAA6D2 /* TableView */ = {
			isa = PBXGroup;
			children = (
				354DC1ED2770CCAC00FAA6D2 /* Ext+UITableView.swift */,
			);
			path = TableView;
			sourceTree = "<group>";
		};
		354DC1F02770CD4F00FAA6D2 /* Cell */ = {
			isa = PBXGroup;
			children = (
				35D5A0A227AFB0AF0015CDD0 /* NowPlaying */,
				3564172D27AFA04400794324 /* SectionMovie */,
			);
			path = Cell;
			sourceTree = "<group>";
		};
		355EACE7277A089800126D2C /* Model */ = {
			isa = PBXGroup;
			children = (
				355EACE8277A089F00126D2C /* MovieListModel.swift */,
			);
			path = Model;
			sourceTree = "<group>";
		};
		3564172D27AFA04400794324 /* SectionMovie */ = {
			isa = PBXGroup;
			children = (
				354DC1F12770CD6D00FAA6D2 /* MovieItemSectionCell.swift */,
				354DC1E22770BE9A00FAA6D2 /* SectionMovieCell.swift */,
			);
			path = SectionMovie;
			sourceTree = "<group>";
		};
		356C6C9026C65C14007A0F67 = {
			isa = PBXGroup;
			children = (
				351E678227D4A1B800A1C2D4 /* Exp.xib */,
				356C6C9B26C65C14007A0F67 /* MovieDB */,
				3538FE1027CCACE7003D47A2 /* MovieDBTests */,
				356C6C9A26C65C14007A0F67 /* Products */,
				56BDF10900F4890FE204D8AC /* Pods */,
				16E8B0B8C50CDC72D48E62E7 /* Frameworks */,
			);
			sourceTree = "<group>";
		};
		356C6C9A26C65C14007A0F67 /* Products */ = {
			isa = PBXGroup;
			children = (
				356C6C9926C65C14007A0F67 /* MovieDB.app */,
				3538FE0F27CCACE7003D47A2 /* MovieDBTests.xctest */,
			);
			name = Products;
			sourceTree = "<group>";
		};
		356C6C9B26C65C14007A0F67 /* MovieDB */ = {
			isa = PBXGroup;
			children = (
				35790F3027708FE70038B210 /* App */,
				35D8B8952770A84F00D3D779 /* DI */,
				35BFCDE4277380940022A9BE /* Routing */,
				35790F3127708FEF0038B210 /* Coordinator */,
				35790F49277093DB0038B210 /* Network */,
				35D8B89127709EE200D3D779 /* Data */,
				35D8B88A27709D2400D3D779 /* Domain */,
				35D8B8772770976C00D3D779 /* Component */,
				35790F3B2770912E0038B210 /* Presentation */,
				35790F36277090550038B210 /* Utils */,
				356C6CA526C65C16007A0F67 /* Assets.xcassets */,
				356C6CA726C65C16007A0F67 /* LaunchScreen.storyboard */,
				356C6CAA26C65C16007A0F67 /* Info.plist */,
			);
			path = MovieDB;
			sourceTree = "<group>";
		};
		35790F3027708FE70038B210 /* App */ = {
			isa = PBXGroup;
			children = (
				356C6C9C26C65C14007A0F67 /* AppDelegate.swift */,
				356C6C9E26C65C14007A0F67 /* SceneDelegate.swift */,
				35790F392770909F0038B210 /* AppCoordinator.swift */,
			);
			path = App;
			sourceTree = "<group>";
		};
		35790F3127708FEF0038B210 /* Coordinator */ = {
			isa = PBXGroup;
			children = (
				35790F3227708FF60038B210 /* Coordinator.swift */,
				35790F34277090460038B210 /* BaseCoordinator.swift */,
			);
			path = Coordinator;
			sourceTree = "<group>";
		};
		35790F36277090550038B210 /* Utils */ = {
			isa = PBXGroup;
			children = (
				357B78F127775CFB00083449 /* DI */,
				354DC1EC2770CC9E00FAA6D2 /* Extensions */,
				35D8B87E2770982A00D3D779 /* Logger */,
				35790F48277092D10038B210 /* Binder */,
				35790F45277092B50038B210 /* Rx */,
			);
			path = Utils;
			sourceTree = "<group>";
		};
		35790F3B2770912E0038B210 /* Presentation */ = {
			isa = PBXGroup;
			children = (
				358B04DD277230E40012373E /* MovieDetail */,
				35790F3C2770913B0038B210 /* MovieList */,
			);
			path = Presentation;
			sourceTree = "<group>";
		};
		35790F3C2770913B0038B210 /* MovieList */ = {
			isa = PBXGroup;
			children = (
				35D8B8A42770B0F500D3D779 /* Coordinator */,
				354DC1E12770BE9300FAA6D2 /* View */,
				35790F41277092380038B210 /* ViewController */,
				35790F42277092400038B210 /* ViewModel */,
			);
			path = MovieList;
			sourceTree = "<group>";
		};
		35790F41277092380038B210 /* ViewController */ = {
			isa = PBXGroup;
			children = (
				35790F3D277091600038B210 /* MovieListViewController.swift */,
			);
			path = ViewController;
			sourceTree = "<group>";
		};
		35790F42277092400038B210 /* ViewModel */ = {
			isa = PBXGroup;
			children = (
				35D99CD127731E5A00C65403 /* MovieListViewModelIO.swift */,
				35790F3F2770917A0038B210 /* MovieListViewModel.swift */,
			);
			path = ViewModel;
			sourceTree = "<group>";
		};
		35790F45277092B50038B210 /* Rx */ = {
			isa = PBXGroup;
			children = (
				354DC1EB2770C1A800FAA6D2 /* Wrapper */,
				354DC1E82770C12C00FAA6D2 /* Activity */,
				354DC1E42770C0BF00FAA6D2 /* Proxy.swift */,
				354DC1E62770C0FE00FAA6D2 /* RxBinding.swift */,
			);
			path = Rx;
			sourceTree = "<group>";
		};
		35790F48277092D10038B210 /* Binder */ = {
			isa = PBXGroup;
			children = (
				35790F46277092CA0038B210 /* Bindable.swift */,
			);
			path = Binder;
			sourceTree = "<group>";
		};
		35790F49277093DB0038B210 /* Network */ = {
			isa = PBXGroup;
			children = (
				35D8B88727709D0100D3D779 /* Response */,
				35D8B88127709C4800D3D779 /* Endpoint */,
				35D8B8762770973500D3D779 /* Reachability */,
				35790F4C277094210038B210 /* SessionRequest */,
				35D8B870277095DC00D3D779 /* NetworkConfig.swift */,
			);
			path = Network;
			sourceTree = "<group>";
		};
		35790F4C277094210038B210 /* SessionRequest */ = {
			isa = PBXGroup;
			children = (
				35D8B872277096A600D3D779 /* NetworkSession.swift */,
				35D8B874277096DA00D3D779 /* NetworkRequest.swift */,
			);
			path = SessionRequest;
			sourceTree = "<group>";
		};
		357B78EE27775BB400083449 /* Navigation */ = {
			isa = PBXGroup;
			children = (
				35BAEDFE27AAAB3C0062DF80 /* Injected */,
				355EACE32779F5B300126D2C /* NavigationRoute.swift */,
				35BFCDE5277380A40022A9BE /* NavigationFlow.swift */,
			);
			path = Navigation;
			sourceTree = "<group>";
		};
		357B78F127775CFB00083449 /* DI */ = {
			isa = PBXGroup;
			children = (
				357B78F227775D0A00083449 /* DIWrapper.swift */,
			);
			path = DI;
			sourceTree = "<group>";
		};
		358B04DC2772308B0012373E /* Alert */ = {
			isa = PBXGroup;
			children = (
				35D8B8782770977D00D3D779 /* AlertViewController.swift */,
			);
			path = Alert;
			sourceTree = "<group>";
		};
		358B04DD277230E40012373E /* MovieDetail */ = {
			isa = PBXGroup;
			children = (
				3538FE2D27CCBE7E003D47A2 /* View */,
				35BAEDFA27AA6F220062DF80 /* ViewModel */,
				35BAEDF927AA6F090062DF80 /* ViewController */,
			);
			path = MovieDetail;
			sourceTree = "<group>";
		};
		35BAEDF627AA6D5A0062DF80 /* ParentVC */ = {
			isa = PBXGroup;
			children = (
				35BAEDF727AA6D630062DF80 /* ParentViewController.swift */,
			);
			path = ParentVC;
			sourceTree = "<group>";
		};
		35BAEDF927AA6F090062DF80 /* ViewController */ = {
			isa = PBXGroup;
			children = (
				358B04DE277230F40012373E /* MovieDetailViewController.swift */,
			);
			path = ViewController;
			sourceTree = "<group>";
		};
		35BAEDFA27AA6F220062DF80 /* ViewModel */ = {
			isa = PBXGroup;
			children = (
				358B04E0277231140012373E /* MovieDetailViewModel.swift */,
			);
			path = ViewModel;
			sourceTree = "<group>";
		};
		35BAEDFE27AAAB3C0062DF80 /* Injected */ = {
			isa = PBXGroup;
			children = (
				35BAEDFF27AAAB430062DF80 /* Injected+Navigation.swift */,
			);
			path = Injected;
			sourceTree = "<group>";
		};
		35BFCDE4277380940022A9BE /* Routing */ = {
			isa = PBXGroup;
			children = (
				357B78EE27775BB400083449 /* Navigation */,
				35028DF127747DEE00991CE7 /* Router */,
				357B78EF27775BC100083449 /* Routing.swift */,
			);
			path = Routing;
			sourceTree = "<group>";
		};
		35CAE8F42770D326004ADBDE /* Color */ = {
			isa = PBXGroup;
			children = (
				35CAE8F52770D32C004ADBDE /* Ext+UIColor.swift */,
			);
			path = Color;
			sourceTree = "<group>";
		};
		35D5A09F27AFB02D0015CDD0 /* TableView */ = {
			isa = PBXGroup;
			children = (
				35D5A0A027AFB04F0015CDD0 /* TableSectionViewModel.swift */,
			);
			path = TableView;
			sourceTree = "<group>";
		};
		35D5A0A227AFB0AF0015CDD0 /* NowPlaying */ = {
			isa = PBXGroup;
			children = (
				354BD99B27C22CC500774AE8 /* Section */,
				35D5A0A327AFB0D50015CDD0 /* NowPlayingMovieCell.swift */,
			);
			path = NowPlaying;
			sourceTree = "<group>";
		};
		35D5A0A627AFB1C80015CDD0 /* Gradient */ = {
			isa = PBXGroup;
			children = (
				35D5A0A727AFB2020015CDD0 /* GradientView.swift */,
			);
			path = Gradient;
			sourceTree = "<group>";
		};
		35D5A0A927AFB4190015CDD0 /* StackView */ = {
			isa = PBXGroup;
			children = (
				35D5A0AA27AFB4230015CDD0 /* Ext+StackView.swift */,
			);
			path = StackView;
			sourceTree = "<group>";
		};
		35D8B8762770973500D3D779 /* Reachability */ = {
			isa = PBXGroup;
			children = (
				35D8B87C277097ED00D3D779 /* NetworkReachability.swift */,
			);
			path = Reachability;
			sourceTree = "<group>";
		};
		35D8B8772770976C00D3D779 /* Component */ = {
			isa = PBXGroup;
			children = (
				3538FE2C27CCBC30003D47A2 /* Expandable */,
				354BD99E27C247EB00774AE8 /* CollectionView */,
				35D5A0A627AFB1C80015CDD0 /* Gradient */,
				35D5A09F27AFB02D0015CDD0 /* TableView */,
				35BAEDF627AA6D5A0062DF80 /* ParentVC */,
				358B04DC2772308B0012373E /* Alert */,
			);
			path = Component;
			sourceTree = "<group>";
		};
		35D8B87E2770982A00D3D779 /* Logger */ = {
			isa = PBXGroup;
			children = (
				35D8B87F2770982F00D3D779 /* Logger.swift */,
			);
			path = Logger;
			sourceTree = "<group>";
		};
		35D8B88127709C4800D3D779 /* Endpoint */ = {
			isa = PBXGroup;
			children = (
				35D8B88227709C4F00D3D779 /* Endpoint.swift */,
				35D8B88427709C9400D3D779 /* Movie */,
			);
			path = Endpoint;
			sourceTree = "<group>";
		};
		35D8B88427709C9400D3D779 /* Movie */ = {
			isa = PBXGroup;
			children = (
				35D8B88527709CA300D3D779 /* MovieEndpoint.swift */,
			);
			path = Movie;
			sourceTree = "<group>";
		};
		35D8B88727709D0100D3D779 /* Response */ = {
			isa = PBXGroup;
			children = (
				3538FE1927CCB1AD003D47A2 /* MovieDetail */,
				3538FE1827CCB19C003D47A2 /* MovieList */,
			);
			path = Response;
			sourceTree = "<group>";
		};
		35D8B88A27709D2400D3D779 /* Domain */ = {
			isa = PBXGroup;
			children = (
				35D8B88E27709EA400D3D779 /* UseCase */,
			);
			path = Domain;
			sourceTree = "<group>";
		};
		35D8B88E27709EA400D3D779 /* UseCase */ = {
			isa = PBXGroup;
			children = (
				3538FE1D27CCB2B9003D47A2 /* MovieDetail */,
				3538FE1C27CCB2B3003D47A2 /* MovieList */,
			);
			path = UseCase;
			sourceTree = "<group>";
		};
		35D8B89127709EE200D3D779 /* Data */ = {
			isa = PBXGroup;
			children = (
				355EACE7277A089800126D2C /* Model */,
				35D8B89227709EF200D3D779 /* Repository */,
			);
			path = Data;
			sourceTree = "<group>";
		};
		35D8B89227709EF200D3D779 /* Repository */ = {
			isa = PBXGroup;
			children = (
				3538FE2127CCB2F4003D47A2 /* MovieDetail */,
				3538FE2027CCB2EE003D47A2 /* MovieList */,
			);
			path = Repository;
			sourceTree = "<group>";
		};
		35D8B8952770A84F00D3D779 /* DI */ = {
			isa = PBXGroup;
			children = (
				3538FE2427CCB339003D47A2 /* MovieDetail */,
				35D8B89D2770AC0600D3D779 /* MovieList */,
				35D8B89A2770AADC00D3D779 /* Network */,
				35BAEDFB27AA9F820062DF80 /* Injected.swift */,
			);
			path = DI;
			sourceTree = "<group>";
		};
		35D8B89A2770AADC00D3D779 /* Network */ = {
			isa = PBXGroup;
			children = (
				35D8B89B2770AAE200D3D779 /* Injected+Network.swift */,
			);
			path = Network;
			sourceTree = "<group>";
		};
		35D8B89D2770AC0600D3D779 /* MovieList */ = {
			isa = PBXGroup;
			children = (
				35D8B8A02770AFA000D3D779 /* Injected+MovieList.swift */,
			);
			path = MovieList;
			sourceTree = "<group>";
		};
		35D8B8A42770B0F500D3D779 /* Coordinator */ = {
			isa = PBXGroup;
			children = (
				35D8B8A52770B0FC00D3D779 /* MovieListCoordinator.swift */,
			);
			path = Coordinator;
			sourceTree = "<group>";
		};
		56BDF10900F4890FE204D8AC /* Pods */ = {
			isa = PBXGroup;
			children = (
				B8AA2C9F4C38C530D83F8D75 /* Pods-MovieDB.debug.xcconfig */,
				4B7141CF54A4C02EB7C2F4A8 /* Pods-MovieDB.release.xcconfig */,
			);
			path = Pods;
			sourceTree = "<group>";
		};
/* End PBXGroup section */

/* Begin PBXNativeTarget section */
		3538FE0E27CCACE7003D47A2 /* MovieDBTests */ = {
			isa = PBXNativeTarget;
			buildConfigurationList = 3538FE1527CCACE8003D47A2 /* Build configuration list for PBXNativeTarget "MovieDBTests" */;
			buildPhases = (
				3538FE0B27CCACE7003D47A2 /* Sources */,
				3538FE0C27CCACE7003D47A2 /* Frameworks */,
				3538FE0D27CCACE7003D47A2 /* Resources */,
			);
			buildRules = (
			);
			dependencies = (
				3538FE1427CCACE7003D47A2 /* PBXTargetDependency */,
			);
			name = MovieDBTests;
			productName = MovieDBTests;
			productReference = 3538FE0F27CCACE7003D47A2 /* MovieDBTests.xctest */;
			productType = "com.apple.product-type.bundle.unit-test";
		};
		356C6C9826C65C14007A0F67 /* MovieDB */ = {
			isa = PBXNativeTarget;
			buildConfigurationList = 356C6CAD26C65C16007A0F67 /* Build configuration list for PBXNativeTarget "MovieDB" */;
			buildPhases = (
				412887A918F7DC0BD39F16D1 /* [CP] Check Pods Manifest.lock */,
				356C6C9526C65C14007A0F67 /* Sources */,
				356C6C9626C65C14007A0F67 /* Frameworks */,
				356C6C9726C65C14007A0F67 /* Resources */,
				0D0CC082791724CFDF8E7BBA /* [CP] Embed Pods Frameworks */,
			);
			buildRules = (
			);
			dependencies = (
			);
			name = MovieDB;
			productName = MovieDB;
			productReference = 356C6C9926C65C14007A0F67 /* MovieDB.app */;
			productType = "com.apple.product-type.application";
		};
/* End PBXNativeTarget section */

/* Begin PBXProject section */
		356C6C9126C65C14007A0F67 /* Project object */ = {
			isa = PBXProject;
			attributes = {
				LastSwiftUpdateCheck = 1320;
				LastUpgradeCheck = 1250;
				TargetAttributes = {
					3538FE0E27CCACE7003D47A2 = {
						CreatedOnToolsVersion = 13.2.1;
						TestTargetID = 356C6C9826C65C14007A0F67;
					};
					356C6C9826C65C14007A0F67 = {
						CreatedOnToolsVersion = 12.5.1;
					};
				};
			};
			buildConfigurationList = 356C6C9426C65C14007A0F67 /* Build configuration list for PBXProject "MovieDB" */;
			compatibilityVersion = "Xcode 9.3";
			developmentRegion = en;
			hasScannedForEncodings = 0;
			knownRegions = (
				en,
				Base,
			);
			mainGroup = 356C6C9026C65C14007A0F67;
			productRefGroup = 356C6C9A26C65C14007A0F67 /* Products */;
			projectDirPath = "";
			projectRoot = "";
			targets = (
				356C6C9826C65C14007A0F67 /* MovieDB */,
				3538FE0E27CCACE7003D47A2 /* MovieDBTests */,
			);
		};
/* End PBXProject section */

/* Begin PBXResourcesBuildPhase section */
		3538FE0D27CCACE7003D47A2 /* Resources */ = {
			isa = PBXResourcesBuildPhase;
			buildActionMask = 2147483647;
			files = (
			);
			runOnlyForDeploymentPostprocessing = 0;
		};
		356C6C9726C65C14007A0F67 /* Resources */ = {
			isa = PBXResourcesBuildPhase;
			buildActionMask = 2147483647;
			files = (
				351E678327D4A1B800A1C2D4 /* Exp.xib in Resources */,
				356C6CA926C65C16007A0F67 /* LaunchScreen.storyboard in Resources */,
				356C6CA626C65C16007A0F67 /* Assets.xcassets in Resources */,
			);
			runOnlyForDeploymentPostprocessing = 0;
		};
/* End PBXResourcesBuildPhase section */

/* Begin PBXShellScriptBuildPhase section */
		0D0CC082791724CFDF8E7BBA /* [CP] Embed Pods Frameworks */ = {
			isa = PBXShellScriptBuildPhase;
			buildActionMask = 2147483647;
			files = (
			);
			inputFileListPaths = (
				"${PODS_ROOT}/Target Support Files/Pods-MovieDB/Pods-MovieDB-frameworks-${CONFIGURATION}-input-files.xcfilelist",
			);
			name = "[CP] Embed Pods Frameworks";
			outputFileListPaths = (
				"${PODS_ROOT}/Target Support Files/Pods-MovieDB/Pods-MovieDB-frameworks-${CONFIGURATION}-output-files.xcfilelist",
			);
			runOnlyForDeploymentPostprocessing = 0;
			shellPath = /bin/sh;
			shellScript = "\"${PODS_ROOT}/Target Support Files/Pods-MovieDB/Pods-MovieDB-frameworks.sh\"\n";
			showEnvVarsInLog = 0;
		};
		412887A918F7DC0BD39F16D1 /* [CP] Check Pods Manifest.lock */ = {
			isa = PBXShellScriptBuildPhase;
			buildActionMask = 2147483647;
			files = (
			);
			inputFileListPaths = (
			);
			inputPaths = (
				"${PODS_PODFILE_DIR_PATH}/Podfile.lock",
				"${PODS_ROOT}/Manifest.lock",
			);
			name = "[CP] Check Pods Manifest.lock";
			outputFileListPaths = (
			);
			outputPaths = (
				"$(DERIVED_FILE_DIR)/Pods-MovieDB-checkManifestLockResult.txt",
			);
			runOnlyForDeploymentPostprocessing = 0;
			shellPath = /bin/sh;
			shellScript = "diff \"${PODS_PODFILE_DIR_PATH}/Podfile.lock\" \"${PODS_ROOT}/Manifest.lock\" > /dev/null\nif [ $? != 0 ] ; then\n    # print error to STDERR\n    echo \"error: The sandbox is not in sync with the Podfile.lock. Run 'pod install' or update your CocoaPods installation.\" >&2\n    exit 1\nfi\n# This output is used by Xcode 'outputs' to avoid re-running this script phase.\necho \"SUCCESS\" > \"${SCRIPT_OUTPUT_FILE_0}\"\n";
			showEnvVarsInLog = 0;
		};
/* End PBXShellScriptBuildPhase section */

/* Begin PBXSourcesBuildPhase section */
		3538FE0B27CCACE7003D47A2 /* Sources */ = {
			isa = PBXSourcesBuildPhase;
			buildActionMask = 2147483647;
			files = (
				3538FE1227CCACE7003D47A2 /* MovieDBTests.swift in Sources */,
			);
			runOnlyForDeploymentPostprocessing = 0;
		};
		356C6C9526C65C14007A0F67 /* Sources */ = {
			isa = PBXSourcesBuildPhase;
			buildActionMask = 2147483647;
			files = (
				357B78F027775BC100083449 /* Routing.swift in Sources */,
				3538FE2327CCB2FD003D47A2 /* MovieDetailRepository.swift in Sources */,
				355EACE42779F5B300126D2C /* NavigationRoute.swift in Sources */,
				35D8B8A62770B0FC00D3D779 /* MovieListCoordinator.swift in Sources */,
				3538FE1F27CCB2C2003D47A2 /* MovieDetailUseCase.swift in Sources */,
				35BAEDFC27AA9F820062DF80 /* Injected.swift in Sources */,
				357B78F327775D0A00083449 /* DIWrapper.swift in Sources */,
				35D8B89427709F0100D3D779 /* MovieListRepository.swift in Sources */,
				35D99CD227731E5A00C65403 /* MovieListViewModelIO.swift in Sources */,
				354DC1E02770BD0B00FAA6D2 /* RxPublished.swift in Sources */,
				35D8B875277096DA00D3D779 /* NetworkRequest.swift in Sources */,
				3538FE3127CCBE95003D47A2 /* MovieDetailHeaderView.swift in Sources */,
				35D8B8792770977D00D3D779 /* AlertViewController.swift in Sources */,
				3538FE1B27CCB1B9003D47A2 /* MovieDetailResponse.swift in Sources */,
				35BFCDE6277380A40022A9BE /* NavigationFlow.swift in Sources */,
				35790F47277092CA0038B210 /* Bindable.swift in Sources */,
				35BAEDF827AA6D630062DF80 /* ParentViewController.swift in Sources */,
				358B04DF277230F40012373E /* MovieDetailViewController.swift in Sources */,
				35D8B871277095DC00D3D779 /* NetworkConfig.swift in Sources */,
				35D8B88927709D0D00D3D779 /* MovieResponse.swift in Sources */,
				354DC1E52770C0BF00FAA6D2 /* Proxy.swift in Sources */,
				354DC1EA2770C13700FAA6D2 /* Rx+ActivityIndicator.swift in Sources */,
				354DC1F22770CD6D00FAA6D2 /* MovieItemSectionCell.swift in Sources */,
				35D5A0A427AFB0D50015CDD0 /* NowPlayingMovieCell.swift in Sources */,
				354BD99D27C22CD100774AE8 /* NowPlayingSectionMovie.swift in Sources */,
				35790F3E277091600038B210 /* MovieListViewController.swift in Sources */,
				351E678127D486DD00A1C2D4 /* DynamicCollectionView.swift in Sources */,
				35790F35277090460038B210 /* BaseCoordinator.swift in Sources */,
				35D5A0A127AFB04F0015CDD0 /* TableSectionViewModel.swift in Sources */,
				35790F3327708FF60038B210 /* Coordinator.swift in Sources */,
				35D5A0A827AFB2020015CDD0 /* GradientView.swift in Sources */,
				354DC1EE2770CCAD00FAA6D2 /* Ext+UITableView.swift in Sources */,
				35D8B89027709ECD00D3D779 /* MovieListUseCase.swift in Sources */,
				35D8B8802770982F00D3D779 /* Logger.swift in Sources */,
				354DC1E72770C0FE00FAA6D2 /* RxBinding.swift in Sources */,
				35BAEE0027AAAB430062DF80 /* Injected+Navigation.swift in Sources */,
				35CAE8F62770D32C004ADBDE /* Ext+UIColor.swift in Sources */,
				3538FE2627CCB343003D47A2 /* Injected+MovieDetail.swift in Sources */,
				356C6C9D26C65C14007A0F67 /* AppDelegate.swift in Sources */,
				355EACE9277A089F00126D2C /* MovieListModel.swift in Sources */,
				35028DF327747DFA00991CE7 /* Router.swift in Sources */,
				35790F402770917A0038B210 /* MovieListViewModel.swift in Sources */,
				35D5A0AB27AFB4230015CDD0 /* Ext+StackView.swift in Sources */,
				356C6C9F26C65C14007A0F67 /* SceneDelegate.swift in Sources */,
				35D8B873277096A600D3D779 /* NetworkSession.swift in Sources */,
				3538FE3327CCC435003D47A2 /* MovieDetailCell.swift in Sources */,
				3538FE3B27CCD116003D47A2 /* CategoryItemCell.swift in Sources */,
				35D8B89C2770AAE200D3D779 /* Injected+Network.swift in Sources */,
				358B04E1277231140012373E /* MovieDetailViewModel.swift in Sources */,
				35790F38277090640038B210 /* RxSignal.swift in Sources */,
				35790F3A2770909F0038B210 /* AppCoordinator.swift in Sources */,
				35D8B8A12770AFA000D3D779 /* Injected+MovieList.swift in Sources */,
				35D8B88327709C4F00D3D779 /* Endpoint.swift in Sources */,
				35D8B87D277097ED00D3D779 /* NetworkReachability.swift in Sources */,
				354DC1E32770BE9A00FAA6D2 /* SectionMovieCell.swift in Sources */,
				35D8B88627709CA300D3D779 /* MovieEndpoint.swift in Sources */,
			);
			runOnlyForDeploymentPostprocessing = 0;
		};
/* End PBXSourcesBuildPhase section */

/* Begin PBXTargetDependency section */
		3538FE1427CCACE7003D47A2 /* PBXTargetDependency */ = {
			isa = PBXTargetDependency;
			target = 356C6C9826C65C14007A0F67 /* MovieDB */;
			targetProxy = 3538FE1327CCACE7003D47A2 /* PBXContainerItemProxy */;
		};
/* End PBXTargetDependency section */

/* Begin PBXVariantGroup section */
		356C6CA726C65C16007A0F67 /* LaunchScreen.storyboard */ = {
			isa = PBXVariantGroup;
			children = (
				356C6CA826C65C16007A0F67 /* Base */,
			);
			name = LaunchScreen.storyboard;
			sourceTree = "<group>";
		};
/* End PBXVariantGroup section */

/* Begin XCBuildConfiguration section */
		3538FE1627CCACE8003D47A2 /* Debug */ = {
			isa = XCBuildConfiguration;
			buildSettings = {
				BUNDLE_LOADER = "$(TEST_HOST)";
				CLANG_CXX_LANGUAGE_STANDARD = "gnu++17";
				CODE_SIGN_STYLE = Automatic;
				CURRENT_PROJECT_VERSION = 1;
				DEVELOPMENT_TEAM = BXSVZF5997;
				GENERATE_INFOPLIST_FILE = YES;
				IPHONEOS_DEPLOYMENT_TARGET = 15.2;
				MARKETING_VERSION = 1.0;
				PRODUCT_BUNDLE_IDENTIFIER = me.william.MovieDBTests;
				PRODUCT_NAME = "$(TARGET_NAME)";
				SWIFT_EMIT_LOC_STRINGS = NO;
				SWIFT_VERSION = 5.0;
				TARGETED_DEVICE_FAMILY = "1,2";
				TEST_HOST = "$(BUILT_PRODUCTS_DIR)/MovieDB.app/MovieDB";
			};
			name = Debug;
		};
		3538FE1727CCACE8003D47A2 /* Release */ = {
			isa = XCBuildConfiguration;
			buildSettings = {
				BUNDLE_LOADER = "$(TEST_HOST)";
				CLANG_CXX_LANGUAGE_STANDARD = "gnu++17";
				CODE_SIGN_STYLE = Automatic;
				CURRENT_PROJECT_VERSION = 1;
				DEVELOPMENT_TEAM = BXSVZF5997;
				GENERATE_INFOPLIST_FILE = YES;
				IPHONEOS_DEPLOYMENT_TARGET = 15.2;
				MARKETING_VERSION = 1.0;
				PRODUCT_BUNDLE_IDENTIFIER = me.william.MovieDBTests;
				PRODUCT_NAME = "$(TARGET_NAME)";
				SWIFT_EMIT_LOC_STRINGS = NO;
				SWIFT_VERSION = 5.0;
				TARGETED_DEVICE_FAMILY = "1,2";
				TEST_HOST = "$(BUILT_PRODUCTS_DIR)/MovieDB.app/MovieDB";
			};
			name = Release;
		};
		356C6CAB26C65C16007A0F67 /* Debug */ = {
			isa = XCBuildConfiguration;
			buildSettings = {
				ALWAYS_SEARCH_USER_PATHS = NO;
				CLANG_ANALYZER_NONNULL = YES;
				CLANG_ANALYZER_NUMBER_OBJECT_CONVERSION = YES_AGGRESSIVE;
				CLANG_CXX_LANGUAGE_STANDARD = "gnu++14";
				CLANG_CXX_LIBRARY = "libc++";
				CLANG_ENABLE_MODULES = YES;
				CLANG_ENABLE_OBJC_ARC = YES;
				CLANG_ENABLE_OBJC_WEAK = YES;
				CLANG_WARN_BLOCK_CAPTURE_AUTORELEASING = YES;
				CLANG_WARN_BOOL_CONVERSION = YES;
				CLANG_WARN_COMMA = YES;
				CLANG_WARN_CONSTANT_CONVERSION = YES;
				CLANG_WARN_DEPRECATED_OBJC_IMPLEMENTATIONS = YES;
				CLANG_WARN_DIRECT_OBJC_ISA_USAGE = YES_ERROR;
				CLANG_WARN_DOCUMENTATION_COMMENTS = YES;
				CLANG_WARN_EMPTY_BODY = YES;
				CLANG_WARN_ENUM_CONVERSION = YES;
				CLANG_WARN_INFINITE_RECURSION = YES;
				CLANG_WARN_INT_CONVERSION = YES;
				CLANG_WARN_NON_LITERAL_NULL_CONVERSION = YES;
				CLANG_WARN_OBJC_IMPLICIT_RETAIN_SELF = YES;
				CLANG_WARN_OBJC_LITERAL_CONVERSION = YES;
				CLANG_WARN_OBJC_ROOT_CLASS = YES_ERROR;
				CLANG_WARN_QUOTED_INCLUDE_IN_FRAMEWORK_HEADER = YES;
				CLANG_WARN_RANGE_LOOP_ANALYSIS = YES;
				CLANG_WARN_STRICT_PROTOTYPES = YES;
				CLANG_WARN_SUSPICIOUS_MOVE = YES;
				CLANG_WARN_UNGUARDED_AVAILABILITY = YES_AGGRESSIVE;
				CLANG_WARN_UNREACHABLE_CODE = YES;
				CLANG_WARN__DUPLICATE_METHOD_MATCH = YES;
				COPY_PHASE_STRIP = NO;
				DEBUG_INFORMATION_FORMAT = dwarf;
				ENABLE_STRICT_OBJC_MSGSEND = YES;
				ENABLE_TESTABILITY = YES;
				GCC_C_LANGUAGE_STANDARD = gnu11;
				GCC_DYNAMIC_NO_PIC = NO;
				GCC_NO_COMMON_BLOCKS = YES;
				GCC_OPTIMIZATION_LEVEL = 0;
				GCC_PREPROCESSOR_DEFINITIONS = (
					"DEBUG=1",
					"$(inherited)",
				);
				GCC_WARN_64_TO_32_BIT_CONVERSION = YES;
				GCC_WARN_ABOUT_RETURN_TYPE = YES_ERROR;
				GCC_WARN_UNDECLARED_SELECTOR = YES;
				GCC_WARN_UNINITIALIZED_AUTOS = YES_AGGRESSIVE;
				GCC_WARN_UNUSED_FUNCTION = YES;
				GCC_WARN_UNUSED_VARIABLE = YES;
				IPHONEOS_DEPLOYMENT_TARGET = 14.5;
				MTL_ENABLE_DEBUG_INFO = INCLUDE_SOURCE;
				MTL_FAST_MATH = YES;
				ONLY_ACTIVE_ARCH = YES;
				SDKROOT = iphoneos;
				SWIFT_ACTIVE_COMPILATION_CONDITIONS = DEBUG;
				SWIFT_OPTIMIZATION_LEVEL = "-Onone";
			};
			name = Debug;
		};
		356C6CAC26C65C16007A0F67 /* Release */ = {
			isa = XCBuildConfiguration;
			buildSettings = {
				ALWAYS_SEARCH_USER_PATHS = NO;
				CLANG_ANALYZER_NONNULL = YES;
				CLANG_ANALYZER_NUMBER_OBJECT_CONVERSION = YES_AGGRESSIVE;
				CLANG_CXX_LANGUAGE_STANDARD = "gnu++14";
				CLANG_CXX_LIBRARY = "libc++";
				CLANG_ENABLE_MODULES = YES;
				CLANG_ENABLE_OBJC_ARC = YES;
				CLANG_ENABLE_OBJC_WEAK = YES;
				CLANG_WARN_BLOCK_CAPTURE_AUTORELEASING = YES;
				CLANG_WARN_BOOL_CONVERSION = YES;
				CLANG_WARN_COMMA = YES;
				CLANG_WARN_CONSTANT_CONVERSION = YES;
				CLANG_WARN_DEPRECATED_OBJC_IMPLEMENTATIONS = YES;
				CLANG_WARN_DIRECT_OBJC_ISA_USAGE = YES_ERROR;
				CLANG_WARN_DOCUMENTATION_COMMENTS = YES;
				CLANG_WARN_EMPTY_BODY = YES;
				CLANG_WARN_ENUM_CONVERSION = YES;
				CLANG_WARN_INFINITE_RECURSION = YES;
				CLANG_WARN_INT_CONVERSION = YES;
				CLANG_WARN_NON_LITERAL_NULL_CONVERSION = YES;
				CLANG_WARN_OBJC_IMPLICIT_RETAIN_SELF = YES;
				CLANG_WARN_OBJC_LITERAL_CONVERSION = YES;
				CLANG_WARN_OBJC_ROOT_CLASS = YES_ERROR;
				CLANG_WARN_QUOTED_INCLUDE_IN_FRAMEWORK_HEADER = YES;
				CLANG_WARN_RANGE_LOOP_ANALYSIS = YES;
				CLANG_WARN_STRICT_PROTOTYPES = YES;
				CLANG_WARN_SUSPICIOUS_MOVE = YES;
				CLANG_WARN_UNGUARDED_AVAILABILITY = YES_AGGRESSIVE;
				CLANG_WARN_UNREACHABLE_CODE = YES;
				CLANG_WARN__DUPLICATE_METHOD_MATCH = YES;
				COPY_PHASE_STRIP = NO;
				DEBUG_INFORMATION_FORMAT = "dwarf-with-dsym";
				ENABLE_NS_ASSERTIONS = NO;
				ENABLE_STRICT_OBJC_MSGSEND = YES;
				GCC_C_LANGUAGE_STANDARD = gnu11;
				GCC_NO_COMMON_BLOCKS = YES;
				GCC_WARN_64_TO_32_BIT_CONVERSION = YES;
				GCC_WARN_ABOUT_RETURN_TYPE = YES_ERROR;
				GCC_WARN_UNDECLARED_SELECTOR = YES;
				GCC_WARN_UNINITIALIZED_AUTOS = YES_AGGRESSIVE;
				GCC_WARN_UNUSED_FUNCTION = YES;
				GCC_WARN_UNUSED_VARIABLE = YES;
				IPHONEOS_DEPLOYMENT_TARGET = 14.5;
				MTL_ENABLE_DEBUG_INFO = NO;
				MTL_FAST_MATH = YES;
				SDKROOT = iphoneos;
				SWIFT_COMPILATION_MODE = wholemodule;
				SWIFT_OPTIMIZATION_LEVEL = "-O";
				VALIDATE_PRODUCT = YES;
			};
			name = Release;
		};
		356C6CAE26C65C16007A0F67 /* Debug */ = {
			isa = XCBuildConfiguration;
			baseConfigurationReference = B8AA2C9F4C38C530D83F8D75 /* Pods-MovieDB.debug.xcconfig */;
			buildSettings = {
				ASSETCATALOG_COMPILER_APPICON_NAME = AppIcon;
				ASSETCATALOG_COMPILER_GLOBAL_ACCENT_COLOR_NAME = AccentColor;
				CODE_SIGN_STYLE = Automatic;
				DEVELOPMENT_TEAM = BXSVZF5997;
				INFOPLIST_FILE = MovieDB/Info.plist;
				LD_RUNPATH_SEARCH_PATHS = (
					"$(inherited)",
					"@executable_path/Frameworks",
				);
				PRODUCT_BUNDLE_IDENTIFIER = me.william.MovieDB;
				PRODUCT_NAME = "$(TARGET_NAME)";
				SWIFT_VERSION = 5.0;
				TARGETED_DEVICE_FAMILY = "1,2";
			};
			name = Debug;
		};
		356C6CAF26C65C16007A0F67 /* Release */ = {
			isa = XCBuildConfiguration;
			baseConfigurationReference = 4B7141CF54A4C02EB7C2F4A8 /* Pods-MovieDB.release.xcconfig */;
			buildSettings = {
				ASSETCATALOG_COMPILER_APPICON_NAME = AppIcon;
				ASSETCATALOG_COMPILER_GLOBAL_ACCENT_COLOR_NAME = AccentColor;
				CODE_SIGN_STYLE = Automatic;
				DEVELOPMENT_TEAM = BXSVZF5997;
				INFOPLIST_FILE = MovieDB/Info.plist;
				LD_RUNPATH_SEARCH_PATHS = (
					"$(inherited)",
					"@executable_path/Frameworks",
				);
				PRODUCT_BUNDLE_IDENTIFIER = me.william.MovieDB;
				PRODUCT_NAME = "$(TARGET_NAME)";
				SWIFT_VERSION = 5.0;
				TARGETED_DEVICE_FAMILY = "1,2";
			};
			name = Release;
		};
/* End XCBuildConfiguration section */

/* Begin XCConfigurationList section */
		3538FE1527CCACE8003D47A2 /* Build configuration list for PBXNativeTarget "MovieDBTests" */ = {
			isa = XCConfigurationList;
			buildConfigurations = (
				3538FE1627CCACE8003D47A2 /* Debug */,
				3538FE1727CCACE8003D47A2 /* Release */,
			);
			defaultConfigurationIsVisible = 0;
			defaultConfigurationName = Release;
		};
		356C6C9426C65C14007A0F67 /* Build configuration list for PBXProject "MovieDB" */ = {
			isa = XCConfigurationList;
			buildConfigurations = (
				356C6CAB26C65C16007A0F67 /* Debug */,
				356C6CAC26C65C16007A0F67 /* Release */,
			);
			defaultConfigurationIsVisible = 0;
			defaultConfigurationName = Release;
		};
		356C6CAD26C65C16007A0F67 /* Build configuration list for PBXNativeTarget "MovieDB" */ = {
			isa = XCConfigurationList;
			buildConfigurations = (
				356C6CAE26C65C16007A0F67 /* Debug */,
				356C6CAF26C65C16007A0F67 /* Release */,
			);
			defaultConfigurationIsVisible = 0;
			defaultConfigurationName = Release;
		};
/* End XCConfigurationList section */
	};
	rootObject = 356C6C9126C65C14007A0F67 /* Project object */;
}
