// !$*UTF8*$!
{
	archiveVersion = 1;
	classes = {
	};
	objectVersion = 50;
	objects = {

/* Begin PBXBuildFile section */
		0FE5B846DAF155A6E6B53CCD /* libPods-MovieDB.a in Frameworks */ = {isa = PBXBuildFile; fileRef = ABF485E3C34B7534183354A6 /* libPods-MovieDB.a */; };
		32D5E4737A8AD77F06ABA18A /* libPods-MovieDBTests.a in Frameworks */ = {isa = PBXBuildFile; fileRef = BA9BFCE8013FD2E246293A8C /* libPods-MovieDBTests.a */; };
		353112432884333B00043A1B /* MovieDetail.framework in Frameworks */ = {isa = PBXBuildFile; fileRef = 3531122D28842C6300043A1B /* MovieDetail.framework */; };
		353112462884334200043A1B /* MovieList.framework in Frameworks */ = {isa = PBXBuildFile; fileRef = 3531122E28842C6300043A1B /* MovieList.framework */; };
		3538FE1227CCACE7003D47A2 /* MovieDBTests.swift in Sources */ = {isa = PBXBuildFile; fileRef = 3538FE1127CCACE7003D47A2 /* MovieDBTests.swift */; };
		3553D0F1287ABEC800163427 /* Core.framework in Frameworks */ = {isa = PBXBuildFile; fileRef = 3553D0ED287ABEC800163427 /* Core.framework */; };
		3553D0F3287ABEC800163427 /* MovieKit.framework in Frameworks */ = {isa = PBXBuildFile; fileRef = 3553D0EE287ABEC800163427 /* MovieKit.framework */; };
		3553D0F5287ABEC800163427 /* Networking.framework in Frameworks */ = {isa = PBXBuildFile; fileRef = 3553D0EF287ABEC800163427 /* Networking.framework */; };
		3553D0F7287ABEC900163427 /* RxFramework.framework in Frameworks */ = {isa = PBXBuildFile; fileRef = 3553D0F0287ABEC800163427 /* RxFramework.framework */; };
		356C6C9D26C65C14007A0F67 /* AppDelegate.swift in Sources */ = {isa = PBXBuildFile; fileRef = 356C6C9C26C65C14007A0F67 /* AppDelegate.swift */; };
		356C6C9F26C65C14007A0F67 /* SceneDelegate.swift in Sources */ = {isa = PBXBuildFile; fileRef = 356C6C9E26C65C14007A0F67 /* SceneDelegate.swift */; };
		356C6CA626C65C16007A0F67 /* Assets.xcassets in Resources */ = {isa = PBXBuildFile; fileRef = 356C6CA526C65C16007A0F67 /* Assets.xcassets */; };
		356C6CA926C65C16007A0F67 /* LaunchScreen.storyboard in Resources */ = {isa = PBXBuildFile; fileRef = 356C6CA726C65C16007A0F67 /* LaunchScreen.storyboard */; };
		3578843928A147510091FCFC /* ModuleManagement.framework in Frameworks */ = {isa = PBXBuildFile; fileRef = 3578843828A147510091FCFC /* ModuleManagement.framework */; };
		35790F3A2770909F0038B210 /* AppCoordinator.swift in Sources */ = {isa = PBXBuildFile; fileRef = 35790F392770909F0038B210 /* AppCoordinator.swift */; };
/* End PBXBuildFile section */

/* Begin PBXContainerItemProxy section */
		3538FE1327CCACE7003D47A2 /* PBXContainerItemProxy */ = {
			isa = PBXContainerItemProxy;
			containerPortal = 356C6C9126C65C14007A0F67 /* Project object */;
			proxyType = 1;
			remoteGlobalIDString = 356C6C9826C65C14007A0F67;
			remoteInfo = MovieDB;
		};
/* End PBXContainerItemProxy section */

/* Begin PBXFileReference section */
		259C3C0EA50B66306E33C37A /* Pods-MovieDBTests.debug.xcconfig */ = {isa = PBXFileReference; includeInIndex = 1; lastKnownFileType = text.xcconfig; name = "Pods-MovieDBTests.debug.xcconfig"; path = "Target Support Files/Pods-MovieDBTests/Pods-MovieDBTests.debug.xcconfig"; sourceTree = "<group>"; };
		351F84792874589400601A46 /* ModuleManager.framework */ = {isa = PBXFileReference; explicitFileType = wrapper.framework; path = ModuleManager.framework; sourceTree = BUILT_PRODUCTS_DIR; };
		351F9AAC287802DA00F030F1 /* MovieKit.framework */ = {isa = PBXFileReference; explicitFileType = wrapper.framework; path = MovieKit.framework; sourceTree = BUILT_PRODUCTS_DIR; };
		3531122D28842C6300043A1B /* MovieDetail.framework */ = {isa = PBXFileReference; explicitFileType = wrapper.framework; path = MovieDetail.framework; sourceTree = BUILT_PRODUCTS_DIR; };
		3531122E28842C6300043A1B /* MovieList.framework */ = {isa = PBXFileReference; explicitFileType = wrapper.framework; path = MovieList.framework; sourceTree = BUILT_PRODUCTS_DIR; };
		3538FE0F27CCACE7003D47A2 /* MovieDBTests.xctest */ = {isa = PBXFileReference; explicitFileType = wrapper.cfbundle; includeInIndex = 0; path = MovieDBTests.xctest; sourceTree = BUILT_PRODUCTS_DIR; };
		3538FE1127CCACE7003D47A2 /* MovieDBTests.swift */ = {isa = PBXFileReference; lastKnownFileType = sourcecode.swift; path = MovieDBTests.swift; sourceTree = "<group>"; };
		3547AC9D2877F0BC0031E377 /* Core.framework */ = {isa = PBXFileReference; explicitFileType = wrapper.framework; path = Core.framework; sourceTree = BUILT_PRODUCTS_DIR; };
		3547ACC52877F1360031E377 /* Networking.framework */ = {isa = PBXFileReference; explicitFileType = wrapper.framework; path = Networking.framework; sourceTree = BUILT_PRODUCTS_DIR; };
		3553D0ED287ABEC800163427 /* Core.framework */ = {isa = PBXFileReference; explicitFileType = wrapper.framework; path = Core.framework; sourceTree = BUILT_PRODUCTS_DIR; };
		3553D0EE287ABEC800163427 /* MovieKit.framework */ = {isa = PBXFileReference; explicitFileType = wrapper.framework; path = MovieKit.framework; sourceTree = BUILT_PRODUCTS_DIR; };
		3553D0EF287ABEC800163427 /* Networking.framework */ = {isa = PBXFileReference; explicitFileType = wrapper.framework; path = Networking.framework; sourceTree = BUILT_PRODUCTS_DIR; };
		3553D0F0287ABEC800163427 /* RxFramework.framework */ = {isa = PBXFileReference; explicitFileType = wrapper.framework; path = RxFramework.framework; sourceTree = BUILT_PRODUCTS_DIR; };
		356AF908287AB596009ADA58 /* Core.framework */ = {isa = PBXFileReference; explicitFileType = wrapper.framework; path = Core.framework; sourceTree = BUILT_PRODUCTS_DIR; };
		356AF90C287AB59A009ADA58 /* MovieKit.framework */ = {isa = PBXFileReference; explicitFileType = wrapper.framework; path = MovieKit.framework; sourceTree = BUILT_PRODUCTS_DIR; };
		356AF90F287AB59E009ADA58 /* Networking.framework */ = {isa = PBXFileReference; explicitFileType = wrapper.framework; path = Networking.framework; sourceTree = BUILT_PRODUCTS_DIR; };
		356AF912287AB5A3009ADA58 /* RxFramework.framework */ = {isa = PBXFileReference; explicitFileType = wrapper.framework; path = RxFramework.framework; sourceTree = BUILT_PRODUCTS_DIR; };
		356C6C9926C65C14007A0F67 /* MovieDB.app */ = {isa = PBXFileReference; explicitFileType = wrapper.application; includeInIndex = 0; path = MovieDB.app; sourceTree = BUILT_PRODUCTS_DIR; };
		356C6C9C26C65C14007A0F67 /* AppDelegate.swift */ = {isa = PBXFileReference; lastKnownFileType = sourcecode.swift; path = AppDelegate.swift; sourceTree = "<group>"; };
		356C6C9E26C65C14007A0F67 /* SceneDelegate.swift */ = {isa = PBXFileReference; lastKnownFileType = sourcecode.swift; path = SceneDelegate.swift; sourceTree = "<group>"; };
		356C6CA526C65C16007A0F67 /* Assets.xcassets */ = {isa = PBXFileReference; lastKnownFileType = folder.assetcatalog; path = Assets.xcassets; sourceTree = "<group>"; };
		356C6CA826C65C16007A0F67 /* Base */ = {isa = PBXFileReference; lastKnownFileType = file.storyboard; name = Base; path = Base.lproj/LaunchScreen.storyboard; sourceTree = "<group>"; };
		356C6CAA26C65C16007A0F67 /* Info.plist */ = {isa = PBXFileReference; lastKnownFileType = text.plist.xml; path = Info.plist; sourceTree = "<group>"; };
		3578843828A147510091FCFC /* ModuleManagement.framework */ = {isa = PBXFileReference; explicitFileType = wrapper.framework; path = ModuleManagement.framework; sourceTree = BUILT_PRODUCTS_DIR; };
		35790F392770909F0038B210 /* AppCoordinator.swift */ = {isa = PBXFileReference; lastKnownFileType = sourcecode.swift; path = AppCoordinator.swift; sourceTree = "<group>"; };
		68BD504B32C9A59E9FD56324 /* Pods-MovieDBTests.release.xcconfig */ = {isa = PBXFileReference; includeInIndex = 1; lastKnownFileType = text.xcconfig; name = "Pods-MovieDBTests.release.xcconfig"; path = "Target Support Files/Pods-MovieDBTests/Pods-MovieDBTests.release.xcconfig"; sourceTree = "<group>"; };
		ABF485E3C34B7534183354A6 /* libPods-MovieDB.a */ = {isa = PBXFileReference; explicitFileType = archive.ar; includeInIndex = 0; path = "libPods-MovieDB.a"; sourceTree = BUILT_PRODUCTS_DIR; };
		B79F92D55202595F2923C167 /* Pods-MovieDB.release.xcconfig */ = {isa = PBXFileReference; includeInIndex = 1; lastKnownFileType = text.xcconfig; name = "Pods-MovieDB.release.xcconfig"; path = "Target Support Files/Pods-MovieDB/Pods-MovieDB.release.xcconfig"; sourceTree = "<group>"; };
		BA9BFCE8013FD2E246293A8C /* libPods-MovieDBTests.a */ = {isa = PBXFileReference; explicitFileType = archive.ar; includeInIndex = 0; path = "libPods-MovieDBTests.a"; sourceTree = BUILT_PRODUCTS_DIR; };
		DC84F82CBBFAE929CD546E4E /* Pods-MovieDB.debug.xcconfig */ = {isa = PBXFileReference; includeInIndex = 1; lastKnownFileType = text.xcconfig; name = "Pods-MovieDB.debug.xcconfig"; path = "Target Support Files/Pods-MovieDB/Pods-MovieDB.debug.xcconfig"; sourceTree = "<group>"; };
/* End PBXFileReference section */

/* Begin PBXFrameworksBuildPhase section */
		3538FE0C27CCACE7003D47A2 /* Frameworks */ = {
			isa = PBXFrameworksBuildPhase;
			buildActionMask = 2147483647;
			files = (
				32D5E4737A8AD77F06ABA18A /* libPods-MovieDBTests.a in Frameworks */,
			);
			runOnlyForDeploymentPostprocessing = 0;
		};
		356C6C9626C65C14007A0F67 /* Frameworks */ = {
			isa = PBXFrameworksBuildPhase;
			buildActionMask = 2147483647;
			files = (
				353112462884334200043A1B /* MovieList.framework in Frameworks */,
				3578843928A147510091FCFC /* ModuleManagement.framework in Frameworks */,
				3553D0F5287ABEC800163427 /* Networking.framework in Frameworks */,
				3553D0F7287ABEC900163427 /* RxFramework.framework in Frameworks */,
				3553D0F3287ABEC800163427 /* MovieKit.framework in Frameworks */,
				353112432884333B00043A1B /* MovieDetail.framework in Frameworks */,
				3553D0F1287ABEC800163427 /* Core.framework in Frameworks */,
				0FE5B846DAF155A6E6B53CCD /* libPods-MovieDB.a in Frameworks */,
			);
			runOnlyForDeploymentPostprocessing = 0;
		};
/* End PBXFrameworksBuildPhase section */

/* Begin PBXGroup section */
		16E8B0B8C50CDC72D48E62E7 /* Frameworks */ = {
			isa = PBXGroup;
			children = (
				3578843828A147510091FCFC /* ModuleManagement.framework */,
				3531122D28842C6300043A1B /* MovieDetail.framework */,
				3531122E28842C6300043A1B /* MovieList.framework */,
				3553D0ED287ABEC800163427 /* Core.framework */,
				3553D0EE287ABEC800163427 /* MovieKit.framework */,
				3553D0EF287ABEC800163427 /* Networking.framework */,
				3553D0F0287ABEC800163427 /* RxFramework.framework */,
				356AF912287AB5A3009ADA58 /* RxFramework.framework */,
				356AF90F287AB59E009ADA58 /* Networking.framework */,
				356AF90C287AB59A009ADA58 /* MovieKit.framework */,
				356AF908287AB596009ADA58 /* Core.framework */,
				351F9AAC287802DA00F030F1 /* MovieKit.framework */,
				3547ACC52877F1360031E377 /* Networking.framework */,
				3547AC9D2877F0BC0031E377 /* Core.framework */,
				351F84792874589400601A46 /* ModuleManager.framework */,
				ABF485E3C34B7534183354A6 /* libPods-MovieDB.a */,
				BA9BFCE8013FD2E246293A8C /* libPods-MovieDBTests.a */,
			);
			name = Frameworks;
			sourceTree = "<group>";
		};
		3538FE1027CCACE7003D47A2 /* MovieDBTests */ = {
			isa = PBXGroup;
			children = (
				3538FE1127CCACE7003D47A2 /* MovieDBTests.swift */,
			);
			path = MovieDBTests;
			sourceTree = "<group>";
		};
		356C6C9026C65C14007A0F67 = {
			isa = PBXGroup;
			children = (
				356C6C9B26C65C14007A0F67 /* MovieDB */,
				3538FE1027CCACE7003D47A2 /* MovieDBTests */,
				356C6C9A26C65C14007A0F67 /* Products */,
				56BDF10900F4890FE204D8AC /* Pods */,
				16E8B0B8C50CDC72D48E62E7 /* Frameworks */,
			);
			sourceTree = "<group>";
		};
		356C6C9A26C65C14007A0F67 /* Products */ = {
			isa = PBXGroup;
			children = (
				356C6C9926C65C14007A0F67 /* MovieDB.app */,
				3538FE0F27CCACE7003D47A2 /* MovieDBTests.xctest */,
			);
			name = Products;
			sourceTree = "<group>";
		};
		356C6C9B26C65C14007A0F67 /* MovieDB */ = {
			isa = PBXGroup;
			children = (
				35790F3027708FE70038B210 /* App */,
				356C6CA526C65C16007A0F67 /* Assets.xcassets */,
				356C6CA726C65C16007A0F67 /* LaunchScreen.storyboard */,
				356C6CAA26C65C16007A0F67 /* Info.plist */,
			);
			path = MovieDB;
			sourceTree = "<group>";
		};
		35790F3027708FE70038B210 /* App */ = {
			isa = PBXGroup;
			children = (
				356C6C9C26C65C14007A0F67 /* AppDelegate.swift */,
				356C6C9E26C65C14007A0F67 /* SceneDelegate.swift */,
				35790F392770909F0038B210 /* AppCoordinator.swift */,
			);
			path = App;
			sourceTree = "<group>";
		};
		56BDF10900F4890FE204D8AC /* Pods */ = {
			isa = PBXGroup;
			children = (
				DC84F82CBBFAE929CD546E4E /* Pods-MovieDB.debug.xcconfig */,
				B79F92D55202595F2923C167 /* Pods-MovieDB.release.xcconfig */,
				259C3C0EA50B66306E33C37A /* Pods-MovieDBTests.debug.xcconfig */,
				68BD504B32C9A59E9FD56324 /* Pods-MovieDBTests.release.xcconfig */,
			);
			path = Pods;
			sourceTree = "<group>";
		};
/* End PBXGroup section */

/* Begin PBXNativeTarget section */
		3538FE0E27CCACE7003D47A2 /* MovieDBTests */ = {
			isa = PBXNativeTarget;
			buildConfigurationList = 3538FE1527CCACE8003D47A2 /* Build configuration list for PBXNativeTarget "MovieDBTests" */;
			buildPhases = (
				26A408647CA30C53CC76C94A /* [CP] Check Pods Manifest.lock */,
				3538FE0B27CCACE7003D47A2 /* Sources */,
				3538FE0C27CCACE7003D47A2 /* Frameworks */,
				3538FE0D27CCACE7003D47A2 /* Resources */,
			);
			buildRules = (
			);
			dependencies = (
				3538FE1427CCACE7003D47A2 /* PBXTargetDependency */,
			);
			name = MovieDBTests;
			productName = MovieDBTests;
			productReference = 3538FE0F27CCACE7003D47A2 /* MovieDBTests.xctest */;
			productType = "com.apple.product-type.bundle.unit-test";
		};
		356C6C9826C65C14007A0F67 /* MovieDB */ = {
			isa = PBXNativeTarget;
			buildConfigurationList = 356C6CAD26C65C16007A0F67 /* Build configuration list for PBXNativeTarget "MovieDB" */;
			buildPhases = (
				C402E78D2863F920BD7A7BFF /* [CP] Check Pods Manifest.lock */,
				356C6C9526C65C14007A0F67 /* Sources */,
				356C6C9626C65C14007A0F67 /* Frameworks */,
				356C6C9726C65C14007A0F67 /* Resources */,
			);
			buildRules = (
			);
			dependencies = (
			);
			name = MovieDB;
			productName = MovieDB;
			productReference = 356C6C9926C65C14007A0F67 /* MovieDB.app */;
			productType = "com.apple.product-type.application";
		};
/* End PBXNativeTarget section */

/* Begin PBXProject section */
		356C6C9126C65C14007A0F67 /* Project object */ = {
			isa = PBXProject;
			attributes = {
				LastSwiftUpdateCheck = 1320;
				LastUpgradeCheck = 1250;
				TargetAttributes = {
					3538FE0E27CCACE7003D47A2 = {
						CreatedOnToolsVersion = 13.2.1;
						TestTargetID = 356C6C9826C65C14007A0F67;
					};
					356C6C9826C65C14007A0F67 = {
						CreatedOnToolsVersion = 12.5.1;
					};
				};
			};
			buildConfigurationList = 356C6C9426C65C14007A0F67 /* Build configuration list for PBXProject "MovieDB" */;
			compatibilityVersion = "Xcode 9.3";
			developmentRegion = en;
			hasScannedForEncodings = 0;
			knownRegions = (
				en,
				Base,
			);
			mainGroup = 356C6C9026C65C14007A0F67;
			productRefGroup = 356C6C9A26C65C14007A0F67 /* Products */;
			projectDirPath = "";
			projectRoot = "";
			targets = (
				356C6C9826C65C14007A0F67 /* MovieDB */,
				3538FE0E27CCACE7003D47A2 /* MovieDBTests */,
			);
		};
/* End PBXProject section */

/* Begin PBXResourcesBuildPhase section */
		3538FE0D27CCACE7003D47A2 /* Resources */ = {
			isa = PBXResourcesBuildPhase;
			buildActionMask = 2147483647;
			files = (
			);
			runOnlyForDeploymentPostprocessing = 0;
		};
		356C6C9726C65C14007A0F67 /* Resources */ = {
			isa = PBXResourcesBuildPhase;
			buildActionMask = 2147483647;
			files = (
				356C6CA926C65C16007A0F67 /* LaunchScreen.storyboard in Resources */,
				356C6CA626C65C16007A0F67 /* Assets.xcassets in Resources */,
			);
			runOnlyForDeploymentPostprocessing = 0;
		};
/* End PBXResourcesBuildPhase section */

/* Begin PBXShellScriptBuildPhase section */
		26A408647CA30C53CC76C94A /* [CP] Check Pods Manifest.lock */ = {
			isa = PBXShellScriptBuildPhase;
			buildActionMask = 2147483647;
			files = (
			);
			inputFileListPaths = (
			);
			inputPaths = (
				"${PODS_PODFILE_DIR_PATH}/Podfile.lock",
				"${PODS_ROOT}/Manifest.lock",
			);
			name = "[CP] Check Pods Manifest.lock";
			outputFileListPaths = (
			);
			outputPaths = (
				"$(DERIVED_FILE_DIR)/Pods-MovieDBTests-checkManifestLockResult.txt",
			);
			runOnlyForDeploymentPostprocessing = 0;
			shellPath = /bin/sh;
			shellScript = "diff \"${PODS_PODFILE_DIR_PATH}/Podfile.lock\" \"${PODS_ROOT}/Manifest.lock\" > /dev/null\nif [ $? != 0 ] ; then\n    # print error to STDERR\n    echo \"error: The sandbox is not in sync with the Podfile.lock. Run 'pod install' or update your CocoaPods installation.\" >&2\n    exit 1\nfi\n# This output is used by Xcode 'outputs' to avoid re-running this script phase.\necho \"SUCCESS\" > \"${SCRIPT_OUTPUT_FILE_0}\"\n";
			showEnvVarsInLog = 0;
		};
		C402E78D2863F920BD7A7BFF /* [CP] Check Pods Manifest.lock */ = {
			isa = PBXShellScriptBuildPhase;
			buildActionMask = 2147483647;
			files = (
			);
			inputFileListPaths = (
			);
			inputPaths = (
				"${PODS_PODFILE_DIR_PATH}/Podfile.lock",
				"${PODS_ROOT}/Manifest.lock",
			);
			name = "[CP] Check Pods Manifest.lock";
			outputFileListPaths = (
			);
			outputPaths = (
				"$(DERIVED_FILE_DIR)/Pods-MovieDB-checkManifestLockResult.txt",
			);
			runOnlyForDeploymentPostprocessing = 0;
			shellPath = /bin/sh;
			shellScript = "diff \"${PODS_PODFILE_DIR_PATH}/Podfile.lock\" \"${PODS_ROOT}/Manifest.lock\" > /dev/null\nif [ $? != 0 ] ; then\n    # print error to STDERR\n    echo \"error: The sandbox is not in sync with the Podfile.lock. Run 'pod install' or update your CocoaPods installation.\" >&2\n    exit 1\nfi\n# This output is used by Xcode 'outputs' to avoid re-running this script phase.\necho \"SUCCESS\" > \"${SCRIPT_OUTPUT_FILE_0}\"\n";
			showEnvVarsInLog = 0;
		};
/* End PBXShellScriptBuildPhase section */

/* Begin PBXSourcesBuildPhase section */
		3538FE0B27CCACE7003D47A2 /* Sources */ = {
			isa = PBXSourcesBuildPhase;
			buildActionMask = 2147483647;
			files = (
				3538FE1227CCACE7003D47A2 /* MovieDBTests.swift in Sources */,
			);
			runOnlyForDeploymentPostprocessing = 0;
		};
		356C6C9526C65C14007A0F67 /* Sources */ = {
			isa = PBXSourcesBuildPhase;
			buildActionMask = 2147483647;
			files = (
				356C6C9D26C65C14007A0F67 /* AppDelegate.swift in Sources */,
				356C6C9F26C65C14007A0F67 /* SceneDelegate.swift in Sources */,
				35790F3A2770909F0038B210 /* AppCoordinator.swift in Sources */,
			);
			runOnlyForDeploymentPostprocessing = 0;
		};
/* End PBXSourcesBuildPhase section */

/* Begin PBXTargetDependency section */
		3538FE1427CCACE7003D47A2 /* PBXTargetDependency */ = {
			isa = PBXTargetDependency;
			target = 356C6C9826C65C14007A0F67 /* MovieDB */;
			targetProxy = 3538FE1327CCACE7003D47A2 /* PBXContainerItemProxy */;
		};
/* End PBXTargetDependency section */

/* Begin PBXVariantGroup section */
		356C6CA726C65C16007A0F67 /* LaunchScreen.storyboard */ = {
			isa = PBXVariantGroup;
			children = (
				356C6CA826C65C16007A0F67 /* Base */,
			);
			name = LaunchScreen.storyboard;
			sourceTree = "<group>";
		};
/* End PBXVariantGroup section */

/* Begin XCBuildConfiguration section */
		3538FE1627CCACE8003D47A2 /* Debug */ = {
			isa = XCBuildConfiguration;
			baseConfigurationReference = 259C3C0EA50B66306E33C37A /* Pods-MovieDBTests.debug.xcconfig */;
			buildSettings = {
				BUNDLE_LOADER = "$(TEST_HOST)";
				CLANG_CXX_LANGUAGE_STANDARD = "gnu++17";
				CODE_SIGN_STYLE = Automatic;
				CURRENT_PROJECT_VERSION = 1;
				DEVELOPMENT_TEAM = BXSVZF5997;
				GENERATE_INFOPLIST_FILE = YES;
				IPHONEOS_DEPLOYMENT_TARGET = 15.2;
				MARKETING_VERSION = 1.0;
				PRODUCT_BUNDLE_IDENTIFIER = me.william.MovieDBTests;
				PRODUCT_NAME = "$(TARGET_NAME)";
				SWIFT_EMIT_LOC_STRINGS = NO;
				SWIFT_VERSION = 5.0;
				TARGETED_DEVICE_FAMILY = "1,2";
				TEST_HOST = "$(BUILT_PRODUCTS_DIR)/MovieDB.app/MovieDB";
			};
			name = Debug;
		};
		3538FE1727CCACE8003D47A2 /* Release */ = {
			isa = XCBuildConfiguration;
			baseConfigurationReference = 68BD504B32C9A59E9FD56324 /* Pods-MovieDBTests.release.xcconfig */;
			buildSettings = {
				BUNDLE_LOADER = "$(TEST_HOST)";
				CLANG_CXX_LANGUAGE_STANDARD = "gnu++17";
				CODE_SIGN_STYLE = Automatic;
				CURRENT_PROJECT_VERSION = 1;
				DEVELOPMENT_TEAM = BXSVZF5997;
				GENERATE_INFOPLIST_FILE = YES;
				IPHONEOS_DEPLOYMENT_TARGET = 15.2;
				MARKETING_VERSION = 1.0;
				PRODUCT_BUNDLE_IDENTIFIER = me.william.MovieDBTests;
				PRODUCT_NAME = "$(TARGET_NAME)";
				SWIFT_EMIT_LOC_STRINGS = NO;
				SWIFT_VERSION = 5.0;
				TARGETED_DEVICE_FAMILY = "1,2";
				TEST_HOST = "$(BUILT_PRODUCTS_DIR)/MovieDB.app/MovieDB";
			};
			name = Release;
		};
		356C6CAB26C65C16007A0F67 /* Debug */ = {
			isa = XCBuildConfiguration;
			buildSettings = {
				ALWAYS_SEARCH_USER_PATHS = NO;
				CLANG_ANALYZER_NONNULL = YES;
				CLANG_ANALYZER_NUMBER_OBJECT_CONVERSION = YES_AGGRESSIVE;
				CLANG_CXX_LANGUAGE_STANDARD = "gnu++14";
				CLANG_CXX_LIBRARY = "libc++";
				CLANG_ENABLE_MODULES = YES;
				CLANG_ENABLE_OBJC_ARC = YES;
				CLANG_ENABLE_OBJC_WEAK = YES;
				CLANG_WARN_BLOCK_CAPTURE_AUTORELEASING = YES;
				CLANG_WARN_BOOL_CONVERSION = YES;
				CLANG_WARN_COMMA = YES;
				CLANG_WARN_CONSTANT_CONVERSION = YES;
				CLANG_WARN_DEPRECATED_OBJC_IMPLEMENTATIONS = YES;
				CLANG_WARN_DIRECT_OBJC_ISA_USAGE = YES_ERROR;
				CLANG_WARN_DOCUMENTATION_COMMENTS = YES;
				CLANG_WARN_EMPTY_BODY = YES;
				CLANG_WARN_ENUM_CONVERSION = YES;
				CLANG_WARN_INFINITE_RECURSION = YES;
				CLANG_WARN_INT_CONVERSION = YES;
				CLANG_WARN_NON_LITERAL_NULL_CONVERSION = YES;
				CLANG_WARN_OBJC_IMPLICIT_RETAIN_SELF = YES;
				CLANG_WARN_OBJC_LITERAL_CONVERSION = YES;
				CLANG_WARN_OBJC_ROOT_CLASS = YES_ERROR;
				CLANG_WARN_QUOTED_INCLUDE_IN_FRAMEWORK_HEADER = YES;
				CLANG_WARN_RANGE_LOOP_ANALYSIS = YES;
				CLANG_WARN_STRICT_PROTOTYPES = YES;
				CLANG_WARN_SUSPICIOUS_MOVE = YES;
				CLANG_WARN_UNGUARDED_AVAILABILITY = YES_AGGRESSIVE;
				CLANG_WARN_UNREACHABLE_CODE = YES;
				CLANG_WARN__DUPLICATE_METHOD_MATCH = YES;
				COPY_PHASE_STRIP = NO;
				DEBUG_INFORMATION_FORMAT = dwarf;
				ENABLE_STRICT_OBJC_MSGSEND = YES;
				ENABLE_TESTABILITY = YES;
				GCC_C_LANGUAGE_STANDARD = gnu11;
				GCC_DYNAMIC_NO_PIC = NO;
				GCC_NO_COMMON_BLOCKS = YES;
				GCC_OPTIMIZATION_LEVEL = 0;
				GCC_PREPROCESSOR_DEFINITIONS = (
					"DEBUG=1",
					"$(inherited)",
				);
				GCC_WARN_64_TO_32_BIT_CONVERSION = YES;
				GCC_WARN_ABOUT_RETURN_TYPE = YES_ERROR;
				GCC_WARN_UNDECLARED_SELECTOR = YES;
				GCC_WARN_UNINITIALIZED_AUTOS = YES_AGGRESSIVE;
				GCC_WARN_UNUSED_FUNCTION = YES;
				GCC_WARN_UNUSED_VARIABLE = YES;
				IPHONEOS_DEPLOYMENT_TARGET = 14.0;
				MTL_ENABLE_DEBUG_INFO = INCLUDE_SOURCE;
				MTL_FAST_MATH = YES;
				ONLY_ACTIVE_ARCH = YES;
				SDKROOT = iphoneos;
				SWIFT_ACTIVE_COMPILATION_CONDITIONS = DEBUG;
				SWIFT_OPTIMIZATION_LEVEL = "-Onone";
			};
			name = Debug;
		};
		356C6CAC26C65C16007A0F67 /* Release */ = {
			isa = XCBuildConfiguration;
			buildSettings = {
				ALWAYS_SEARCH_USER_PATHS = NO;
				CLANG_ANALYZER_NONNULL = YES;
				CLANG_ANALYZER_NUMBER_OBJECT_CONVERSION = YES_AGGRESSIVE;
				CLANG_CXX_LANGUAGE_STANDARD = "gnu++14";
				CLANG_CXX_LIBRARY = "libc++";
				CLANG_ENABLE_MODULES = YES;
				CLANG_ENABLE_OBJC_ARC = YES;
				CLANG_ENABLE_OBJC_WEAK = YES;
				CLANG_WARN_BLOCK_CAPTURE_AUTORELEASING = YES;
				CLANG_WARN_BOOL_CONVERSION = YES;
				CLANG_WARN_COMMA = YES;
				CLANG_WARN_CONSTANT_CONVERSION = YES;
				CLANG_WARN_DEPRECATED_OBJC_IMPLEMENTATIONS = YES;
				CLANG_WARN_DIRECT_OBJC_ISA_USAGE = YES_ERROR;
				CLANG_WARN_DOCUMENTATION_COMMENTS = YES;
				CLANG_WARN_EMPTY_BODY = YES;
				CLANG_WARN_ENUM_CONVERSION = YES;
				CLANG_WARN_INFINITE_RECURSION = YES;
				CLANG_WARN_INT_CONVERSION = YES;
				CLANG_WARN_NON_LITERAL_NULL_CONVERSION = YES;
				CLANG_WARN_OBJC_IMPLICIT_RETAIN_SELF = YES;
				CLANG_WARN_OBJC_LITERAL_CONVERSION = YES;
				CLANG_WARN_OBJC_ROOT_CLASS = YES_ERROR;
				CLANG_WARN_QUOTED_INCLUDE_IN_FRAMEWORK_HEADER = YES;
				CLANG_WARN_RANGE_LOOP_ANALYSIS = YES;
				CLANG_WARN_STRICT_PROTOTYPES = YES;
				CLANG_WARN_SUSPICIOUS_MOVE = YES;
				CLANG_WARN_UNGUARDED_AVAILABILITY = YES_AGGRESSIVE;
				CLANG_WARN_UNREACHABLE_CODE = YES;
				CLANG_WARN__DUPLICATE_METHOD_MATCH = YES;
				COPY_PHASE_STRIP = NO;
				DEBUG_INFORMATION_FORMAT = "dwarf-with-dsym";
				ENABLE_NS_ASSERTIONS = NO;
				ENABLE_STRICT_OBJC_MSGSEND = YES;
				GCC_C_LANGUAGE_STANDARD = gnu11;
				GCC_NO_COMMON_BLOCKS = YES;
				GCC_WARN_64_TO_32_BIT_CONVERSION = YES;
				GCC_WARN_ABOUT_RETURN_TYPE = YES_ERROR;
				GCC_WARN_UNDECLARED_SELECTOR = YES;
				GCC_WARN_UNINITIALIZED_AUTOS = YES_AGGRESSIVE;
				GCC_WARN_UNUSED_FUNCTION = YES;
				GCC_WARN_UNUSED_VARIABLE = YES;
				IPHONEOS_DEPLOYMENT_TARGET = 14.0;
				MTL_ENABLE_DEBUG_INFO = NO;
				MTL_FAST_MATH = YES;
				SDKROOT = iphoneos;
				SWIFT_COMPILATION_MODE = wholemodule;
				SWIFT_OPTIMIZATION_LEVEL = "-O";
				VALIDATE_PRODUCT = YES;
			};
			name = Release;
		};
		356C6CAE26C65C16007A0F67 /* Debug */ = {
			isa = XCBuildConfiguration;
			baseConfigurationReference = DC84F82CBBFAE929CD546E4E /* Pods-MovieDB.debug.xcconfig */;
			buildSettings = {
				ASSETCATALOG_COMPILER_APPICON_NAME = AppIcon;
				ASSETCATALOG_COMPILER_GLOBAL_ACCENT_COLOR_NAME = AccentColor;
				CODE_SIGN_STYLE = Automatic;
				DEVELOPMENT_TEAM = BXSVZF5997;
				ENABLE_TESTING_SEARCH_PATHS = NO;
				INFOPLIST_FILE = MovieDB/Info.plist;
				IPHONEOS_DEPLOYMENT_TARGET = 14.0;
				LD_RUNPATH_SEARCH_PATHS = (
					"$(inherited)",
					"@executable_path/Frameworks",
				);
				PRODUCT_BUNDLE_IDENTIFIER = me.william.MovieDB;
				PRODUCT_NAME = "$(TARGET_NAME)";
				SWIFT_VERSION = 5.0;
				TARGETED_DEVICE_FAMILY = "1,2";
			};
			name = Debug;
		};
		356C6CAF26C65C16007A0F67 /* Release */ = {
			isa = XCBuildConfiguration;
			baseConfigurationReference = B79F92D55202595F2923C167 /* Pods-MovieDB.release.xcconfig */;
			buildSettings = {
				ASSETCATALOG_COMPILER_APPICON_NAME = AppIcon;
				ASSETCATALOG_COMPILER_GLOBAL_ACCENT_COLOR_NAME = AccentColor;
				CODE_SIGN_STYLE = Automatic;
				DEVELOPMENT_TEAM = BXSVZF5997;
				INFOPLIST_FILE = MovieDB/Info.plist;
				IPHONEOS_DEPLOYMENT_TARGET = 14.0;
				LD_RUNPATH_SEARCH_PATHS = (
					"$(inherited)",
					"@executable_path/Frameworks",
				);
				PRODUCT_BUNDLE_IDENTIFIER = me.william.MovieDB;
				PRODUCT_NAME = "$(TARGET_NAME)";
				SWIFT_VERSION = 5.0;
				TARGETED_DEVICE_FAMILY = "1,2";
			};
			name = Release;
		};
/* End XCBuildConfiguration section */

/* Begin XCConfigurationList section */
		3538FE1527CCACE8003D47A2 /* Build configuration list for PBXNativeTarget "MovieDBTests" */ = {
			isa = XCConfigurationList;
			buildConfigurations = (
				3538FE1627CCACE8003D47A2 /* Debug */,
				3538FE1727CCACE8003D47A2 /* Release */,
			);
			defaultConfigurationIsVisible = 0;
			defaultConfigurationName = Release;
		};
		356C6C9426C65C14007A0F67 /* Build configuration list for PBXProject "MovieDB" */ = {
			isa = XCConfigurationList;
			buildConfigurations = (
				356C6CAB26C65C16007A0F67 /* Debug */,
				356C6CAC26C65C16007A0F67 /* Release */,
			);
			defaultConfigurationIsVisible = 0;
			defaultConfigurationName = Release;
		};
		356C6CAD26C65C16007A0F67 /* Build configuration list for PBXNativeTarget "MovieDB" */ = {
			isa = XCConfigurationList;
			buildConfigurations = (
				356C6CAE26C65C16007A0F67 /* Debug */,
				356C6CAF26C65C16007A0F67 /* Release */,
			);
			defaultConfigurationIsVisible = 0;
			defaultConfigurationName = Release;
		};
/* End XCConfigurationList section */
	};
	rootObject = 356C6C9126C65C14007A0F67 /* Project object */;
}
